{
  "version": 4,
  "terraform_version": "1.1.9",
  "serial": 221,
  "lineage": "12362167-748b-b30a-f419-b11b82730bb4",
  "outputs": {},
  "resources": [
    {
      "mode": "managed",
      "type": "aiven_clickhouse",
      "name": "clickhouse",
      "provider": "provider[\"registry.terraform.io/aiven/aiven\"]",
      "instances": [
        {
          "schema_version": 0,
          "attributes": {
            "additional_disk_space": null,
            "clickhouse": [
              {}
            ],
            "clickhouse_user_config": [
              {
                "ip_filter": [
                  "0.0.0.0/0"
                ],
                "project_to_fork_from": "",
                "service_to_fork_from": ""
              }
            ],
            "cloud_name": "google-asia-southeast1",
            "components": [
              {
                "component": "clickhouse",
                "host": "cloud-expo-clickhouse-tsellers-demo.aivencloud.com",
                "kafka_authentication_method": "",
                "port": 18943,
                "route": "dynamic",
                "ssl": false,
                "usage": "primary"
              },
              {
                "component": "clickhouse_https",
                "host": "cloud-expo-clickhouse-tsellers-demo.aivencloud.com",
                "kafka_authentication_method": "",
                "port": 18944,
                "route": "dynamic",
                "ssl": false,
                "usage": "primary"
              }
            ],
            "disk_space": null,
            "disk_space_cap": "0B",
            "disk_space_default": "439GiB",
            "disk_space_step": "0B",
            "disk_space_used": "439GiB",
            "id": "tsellers-demo/cloud-expo-clickhouse",
            "maintenance_window_dow": "monday",
            "maintenance_window_time": "10:00:00",
            "plan": "startup-beta-8",
            "project": "tsellers-demo",
            "project_vpc_id": null,
            "service_host": "cloud-expo-clickhouse-tsellers-demo.aivencloud.com",
            "service_integrations": [],
            "service_name": "cloud-expo-clickhouse",
            "service_password": "AVNS_ng10vY1EfAuijV5mRbI",
            "service_port": 18943,
            "service_type": "clickhouse",
            "service_uri": "cloud-expo-clickhouse-tsellers-demo.aivencloud.com:18943",
            "service_username": "avnadmin",
            "state": "RUNNING",
            "static_ips": [],
            "tag": [],
            "termination_protection": false,
            "timeouts": null
          },
          "sensitive_attributes": [],
          "private": "eyJlMmJmYjczMC1lY2FhLTExZTYtOGY4OC0zNDM2M2JjN2M0YzAiOnsiY3JlYXRlIjoxMjAwMDAwMDAwMDAwLCJkZWxldGUiOjEyMDAwMDAwMDAwMDAsInVwZGF0ZSI6MTIwMDAwMDAwMDAwMH19"
        }
      ]
    },
    {
      "mode": "managed",
      "type": "aiven_grafana",
      "name": "grafana",
      "provider": "provider[\"registry.terraform.io/aiven/aiven\"]",
      "instances": [
        {
          "schema_version": 0,
          "attributes": {
            "additional_disk_space": null,
            "cloud_name": "google-asia-southeast1",
            "components": [
              {
                "component": "grafana",
                "host": "cloud-expo-metrics-grafana-tsellers-demo.aivencloud.com",
                "kafka_authentication_method": "",
                "port": 443,
                "route": "dynamic",
                "ssl": false,
                "usage": "primary"
              }
            ],
            "disk_space": null,
            "disk_space_cap": "0B",
            "disk_space_default": "0B",
            "disk_space_step": "0B",
            "disk_space_used": "0B",
            "grafana": [
              {}
            ],
            "grafana_user_config": [
              {
                "alerting_enabled": "",
                "alerting_error_or_timeout": "",
                "alerting_max_annotations_to_keep": "",
                "alerting_nodata_or_nullvalues": "",
                "allow_embedding": "",
                "auth_azuread": [],
                "auth_basic_enabled": "",
                "auth_generic_oauth": [],
                "auth_github": [],
                "auth_gitlab": [],
                "auth_google": [],
                "cookie_samesite": "",
                "custom_domain": "",
                "dashboards_min_refresh_interval": "",
                "dashboards_versions_to_keep": "",
                "dataproxy_send_user_header": "",
                "dataproxy_timeout": "",
                "date_formats": [],
                "disable_gravatar": "",
                "editors_can_admin": "",
                "external_image_storage": [],
                "google_analytics_ua_id": "",
                "ip_filter": [
                  "0.0.0.0/0"
                ],
                "metrics_enabled": "",
                "private_access": [],
                "privatelink_access": [],
                "project_to_fork_from": "",
                "public_access": [],
                "recovery_basebackup_name": "",
                "service_to_fork_from": "",
                "smtp_server": [],
                "static_ips": "",
                "user_auto_assign_org": "",
                "user_auto_assign_org_role": "",
                "viewers_can_edit": ""
              }
            ],
            "id": "tsellers-demo/cloud-expo-metrics-grafana",
            "maintenance_window_dow": "thursday",
            "maintenance_window_time": "11:49:11",
            "plan": "startup-4",
            "project": "tsellers-demo",
            "project_vpc_id": null,
            "service_host": "cloud-expo-metrics-grafana-tsellers-demo.aivencloud.com",
            "service_integrations": [],
            "service_name": "cloud-expo-metrics-grafana",
            "service_password": "AVNS_O1OYurGg9Eg-huQWVKu",
            "service_port": 443,
            "service_type": "grafana",
            "service_uri": "https://cloud-expo-metrics-grafana-tsellers-demo.aivencloud.com:443",
            "service_username": "avnadmin",
            "state": "RUNNING",
            "static_ips": [],
            "tag": [],
            "termination_protection": false,
            "timeouts": null
          },
          "sensitive_attributes": [],
          "private": "eyJlMmJmYjczMC1lY2FhLTExZTYtOGY4OC0zNDM2M2JjN2M0YzAiOnsiY3JlYXRlIjoxMjAwMDAwMDAwMDAwLCJkZWxldGUiOjEyMDAwMDAwMDAwMDAsInVwZGF0ZSI6MTIwMDAwMDAwMDAwMH19"
        }
      ]
    },
    {
      "mode": "managed",
      "type": "aiven_kafka",
      "name": "kafka-service",
      "provider": "provider[\"registry.terraform.io/aiven/aiven\"]",
      "instances": [
        {
          "schema_version": 0,
          "attributes": {
            "additional_disk_space": null,
            "cloud_name": "google-asia-southeast1",
            "components": [
              {
                "component": "kafka",
                "host": "cloud-expo-service-kafka-tsellers-demo.aivencloud.com",
                "kafka_authentication_method": "",
                "port": 18945,
                "route": "dynamic",
                "ssl": false,
                "usage": "primary"
              },
              {
                "component": "kafka_connect",
                "host": "cloud-expo-service-kafka-tsellers-demo.aivencloud.com",
                "kafka_authentication_method": "",
                "port": 18943,
                "route": "dynamic",
                "ssl": false,
                "usage": "primary"
              },
              {
                "component": "kafka_rest",
                "host": "cloud-expo-service-kafka-tsellers-demo.aivencloud.com",
                "kafka_authentication_method": "",
                "port": 18947,
                "route": "dynamic",
                "ssl": false,
                "usage": "primary"
              },
              {
                "component": "schema_registry",
                "host": "cloud-expo-service-kafka-tsellers-demo.aivencloud.com",
                "kafka_authentication_method": "",
                "port": 18948,
                "route": "dynamic",
                "ssl": false,
                "usage": "primary"
              }
            ],
            "default_acl": true,
            "disk_space": null,
            "disk_space_cap": "1800GiB",
            "disk_space_default": "600GiB",
            "disk_space_step": "30GiB",
            "disk_space_used": "600GiB",
            "id": "tsellers-demo/cloud-expo-service-kafka",
            "kafka": [
              {
                "access_cert": "-----BEGIN CERTIFICATE-----\nMIIESjCCArKgAwIBAgIUTkfL/2UDpJSB9GPzthH8jTO+S+gwDQYJKoZIhvcNAQEM\nBQAwOjE4MDYGA1UEAwwvZGNjNTZkNmEtMjBmMy00MjFlLTljYjEtNGQyNzViZWI3\nNWEwIFByb2plY3QgQ0EwHhcNMjIxMDEyMDMyMzE5WhcNMjUwMTA5MDMyMzE5WjBJ\nMSEwHwYDVQQKDBhjbG91ZC1leHBvLXNlcnZpY2Uta2Fma2ExETAPBgNVBAsMCHU2\ncTloMGY2MREwDwYDVQQDDAhhdm5hZG1pbjCCAaIwDQYJKoZIhvcNAQEBBQADggGP\nADCCAYoCggGBAL8DyXMCCGaEaW7+LIlrSq+IBlh0LzV9NISbvSiUjcFd5XS47xVQ\nk0xR/u/k4fipGsowsmBnpmlORX1vMMb3U29c010BNCOx5cblSrmOzrkMgYDi5Ncq\nGRXuP0y+jkvmnr/vb1waQqZjiMmFSnr7X3aUbCnkSz03ry5TdA+PKGtDq2vERD5P\nFpwdUVHCmour4q657tlOOR1ReD1ku3aJy2taev31MJrpLFX06GzVvc0XoNLw/uqX\n6LeMiQ9VTJAqqtzg/PnmldeM7VFmGNNyADlCsNRd53hjHQ6hnK6GJpYl68xKrbJx\n5OPRZ3OO0fl50Gn5eDGQ29prSMdSe6wekl6QWxYwUS89kr/hm3HsX+YV5s2pYvM2\ntQFDOh+ebHICVulh+1JNSMArrW8rB/E1QLt7dgYj6FvwIN3WUerXisFDTLiMGtwg\nUx5Ph9s3keBYKZ9Y1tUBhmrYKeRgypY92NUFxXuSzuVojtSTOlElim4NznEYZxSO\nAUe2KMbtj89aFQIDAQABozkwNzAdBgNVHQ4EFgQUdd5HHe7rXGzhMNx5EyC3qdPg\n9qwwCQYDVR0TBAIwADALBgNVHQ8EBAMCBaAwDQYJKoZIhvcNAQEMBQADggGBAEZn\nBcxilWymSAxns/M1J9ZhpjoiEtU7D3aKGQb69q2TzTpnYzThGtKVzGSz/IyA++er\nfDrBp54tpnjJBlh6XX4ToPFjfxeQTM/y1OaDrwEt84EqlQE2ewjqSTbo9HneGgHS\nEn+GeNfQmSgR8pKBAsGiVdsgYDkjbHHYSKS4F7CPyP9GA6HSKJnlhHnDpBEBBdvK\nyQptF3vcIZTrBX7UJAlro+sub9fLc6CqBtc9Sd2kOuO/G+wKdoqpr752WbEqcDsE\nSCsDORZt/jvvZy7DHAsr4zPht2iyKT1iHT94/gOpXDCzc7WDEeG6as/VNYqKxLZe\nhnohYjYW4mnYLfEV1CM24Jc1D9ata/raCLv7GWntKhuZ7Wlc+U71i3dEQHgkDbnn\naBhZaMJlOb/tQtloaYNtzJlwTsOLNauxROCV9oftxW3VpDelmaed/5Lrjni6Hwcs\nTk4K/KIKGO2qxwVRGJYlp2jTxGi8uXBJfGcNT14UgLKmk1ex4cdpWbNCGQDUZg==\n-----END CERTIFICATE-----\n",
                "access_key": "-----BEGIN PRIVATE KEY-----\nMIIG/AIBADANBgkqhkiG9w0BAQEFAASCBuYwggbiAgEAAoIBgQC/A8lzAghmhGlu\n/iyJa0qviAZYdC81fTSEm70olI3BXeV0uO8VUJNMUf7v5OH4qRrKMLJgZ6ZpTkV9\nbzDG91NvXNNdATQjseXG5Uq5js65DIGA4uTXKhkV7j9Mvo5L5p6/729cGkKmY4jJ\nhUp6+192lGwp5Es9N68uU3QPjyhrQ6trxEQ+TxacHVFRwpqLq+Kuue7ZTjkdUXg9\nZLt2ictrWnr99TCa6SxV9Ohs1b3NF6DS8P7ql+i3jIkPVUyQKqrc4Pz55pXXjO1R\nZhjTcgA5QrDUXed4Yx0OoZyuhiaWJevMSq2yceTj0WdzjtH5edBp+XgxkNvaa0jH\nUnusHpJekFsWMFEvPZK/4Ztx7F/mFebNqWLzNrUBQzofnmxyAlbpYftSTUjAK61v\nKwfxNUC7e3YGI+hb8CDd1lHq14rBQ0y4jBrcIFMeT4fbN5HgWCmfWNbVAYZq2Cnk\nYMqWPdjVBcV7ks7laI7UkzpRJYpuDc5xGGcUjgFHtijG7Y/PWhUCAwEAAQKCAYAh\nwoqVQBO6AscbreKzOvpNQc5VTduWKZXhpiDtjivrtCu80H65Fq+h+pADWEG0EDdC\n6w5ryYX48LOJcuB9GfNuKErXEkJj2KpS1+24FAxnWlV9MRzfBnq+jIg1iSxfL9h4\n9dmJvr5u6AKiE2PRjqIVtC/Vy5qcrD3TAz7tDRFIvAINHvgsxw+o8emQeMOV0gBT\nf1s+nvurOd31g9s6HSqNw8UfI3m+t111p754leJg4D81aRC057piznze7+WDSXbx\nEe1FD9kOIZTjV3oNqYM8MPGBsetOzqfIZ36q3JMoVw8j6VN5tXCvycNCjBDX+Jso\nSLwO7zmdd2Q+083qGjzjlcS+aJW+g591Pme19fjgqBOiJDSqrmvaUjn0FxTP3o9k\nc+L0vUO5eALxdTRHUAJ1vSlDUU7yU3YcXL6taVTu0anzVDcQfuR2j2k8miLXwOjf\n6CxiWszSr+tTP7lc/rP636CRRcFfpJVuFSurzXOUkfOaPEsOTEMTLvcBfFiMT2EC\ngcEA7FUv9NouoLywhovAgNosX6ib9iUfVtMgFIhGD+Q5LJWX0d1uk51VQu6JiuAb\nc84Nc2hpYL/7Vto2tNsvZPWJT7yC+2bKqWZ5BAyvTVBU107ufRen38EggU1ak5tF\nkQRumUWSBsXeqJMAa25c7ydKA8b590/UPpnHgHQxDzpq3X7YErV2BTkv+BJZoQHx\n/jtQoIQZ6hIzLiKl/qRoLsjn1pRpimCTENywexiY30AcKfE0egOV/XzMpPMnAgUB\nVRYZAoHBAM7pJkPm8FTVyNQJ/J78JdpCz1hd2H39uwDKICHG0GrRmtX4p0LhJmvE\nRwnIeXo2ZomnTm5CfOjyCR3COi3UKpbva1yvqdxWOmcIJ4VxTYCqoS+1RiPmmDfz\n1XYyj7qSSkm3r7fdbDKcLkwSS2LaJB6NDkUYw4TfhcUyUn56e/BDeixdoVqVbfPU\nHX8RrYtZJfp/gjoZDG+MQHC67yyC0lObpsHqDvpRip1nwvN+8DMPUI/7FZdbyhjv\n0wPNFXVLXQKBwApbUVaxmQmCO1oqFa2P4hHvGaaXyd/MMMO1lRxtK/RAOf8AbTAa\n3Pmp6m0jlRBmH0DHepa60xDjTzJtyI3sFLBh2nuZ7Zeu3e7Hf4cr1gv5cYoZ10l+\n9SW1dhqx20KXpyEgY13YngFVL9eFZp00Y5H2zk2AOhTkOFHwxZWdQcGjJWTsfteL\nwgZlB3h+1VQG1WmzYE9ZrNSAwDWAjvA97asBpf5ibQ94HGPImCpwbMuJvnr6XUBW\nj8FKxpLYFU7dQQKBwHhffWp9fQ3tvcNV+AjKKn9a5OPE3QEXTua7sIvV7URnosue\nuDgZYk/JxYY0gi+OXILyuZc9yQuAW7tbVpt41jovGWe3rntIEvwD63Ifo3YaTmHB\n9QdHzQCoM2RrL+Db4KoYWfr+r0aWQ/zvm7nrrJ21dDrQmFbB70H077czLM1vhDEx\nW4CmdGwo1+wn7a2m9IhSDAIetnRixM6QgjqD9Ta80/v2XjZUn+7JAcrE65rY6waI\njVwcA2wUgc+xTS2K5QKBwFriAQ8vnMh09xB5ANofKdWdqri0Tpzxu63K4wd4+EYC\neTC2TkZoP5OAOA2OgGcIkcSNAlNa/jd7LEt+TfB9yx1VnAwhCCnf5LNaYBkUeaYT\nGNG3gmK+iXMPeqYyRifmpBw8gVAFbIpjnXhvEoxiRw+AY1js0exJXyD9s8RSZHwn\noziy6bVk2hdn2J+5bcBFymZG660JLUVHShE6isf/+y20n/1xnt1yoDegVWDi0hK8\n9yM4leUaBCExrXV33Ko4yw==\n-----END PRIVATE KEY-----\n",
                "connect_uri": "https://avnadmin:AVNS_msJz1j7ludCdClXJP0U@cloud-expo-service-kafka-tsellers-demo.aivencloud.com:18943",
                "rest_uri": "https://avnadmin:AVNS_5VohKtsrmoUkAXgmoJh@cloud-expo-service-kafka-tsellers-demo.aivencloud.com:18947",
                "schema_registry_uri": "https://avnadmin:AVNS_5VohKtsrmoUkAXgmoJh@cloud-expo-service-kafka-tsellers-demo.aivencloud.com:18948"
              }
            ],
            "kafka_user_config": [
              {
                "custom_domain": "",
                "ip_filter": [
                  "0.0.0.0/0"
                ],
                "kafka": [
                  {
                    "auto_create_topics_enable": "true",
                    "compression_type": "",
                    "connections_max_idle_ms": "",
                    "default_replication_factor": "",
                    "group_initial_rebalance_delay_ms": "",
                    "group_max_session_timeout_ms": "",
                    "group_min_session_timeout_ms": "",
                    "log_cleaner_delete_retention_ms": "",
                    "log_cleaner_max_compaction_lag_ms": "",
                    "log_cleaner_min_cleanable_ratio": "",
                    "log_cleaner_min_compaction_lag_ms": "",
                    "log_cleanup_policy": "",
                    "log_flush_interval_messages": "",
                    "log_flush_interval_ms": "",
                    "log_index_interval_bytes": "",
                    "log_index_size_max_bytes": "",
                    "log_message_downconversion_enable": "",
                    "log_message_timestamp_difference_max_ms": "",
                    "log_message_timestamp_type": "",
                    "log_preallocate": "",
                    "log_retention_bytes": "",
                    "log_retention_hours": "",
                    "log_retention_ms": "",
                    "log_roll_jitter_ms": "",
                    "log_roll_ms": "",
                    "log_segment_bytes": "",
                    "log_segment_delete_delay_ms": "",
                    "max_connections_per_ip": "",
                    "max_incremental_fetch_session_cache_slots": "",
                    "message_max_bytes": "",
                    "min_insync_replicas": "",
                    "num_partitions": "",
                    "offsets_retention_minutes": "",
                    "producer_purgatory_purge_interval_requests": "",
                    "replica_fetch_max_bytes": "",
                    "replica_fetch_response_max_bytes": "",
                    "socket_request_max_bytes": "",
                    "transaction_remove_expired_transaction_cleanup_interval_ms": "",
                    "transaction_state_log_segment_bytes": ""
                  }
                ],
                "kafka_authentication_methods": [
                  {
                    "certificate": "true",
                    "sasl": "false"
                  }
                ],
                "kafka_connect": "true",
                "kafka_connect_config": [],
                "kafka_rest": "true",
                "kafka_rest_config": [],
                "kafka_version": "3.2",
                "private_access": [],
                "privatelink_access": [],
                "public_access": [],
                "schema_registry": "true",
                "schema_registry_config": [],
                "static_ips": ""
              }
            ],
            "karapace": null,
            "maintenance_window_dow": "monday",
            "maintenance_window_time": "10:00:00",
            "plan": "business-4",
            "project": "tsellers-demo",
            "project_vpc_id": null,
            "service_host": "cloud-expo-service-kafka-tsellers-demo.aivencloud.com",
            "service_integrations": [],
            "service_name": "cloud-expo-service-kafka",
            "service_password": "AVNS_5VohKtsrmoUkAXgmoJh",
            "service_port": 18945,
            "service_type": "kafka",
            "service_uri": "cloud-expo-service-kafka-tsellers-demo.aivencloud.com:18945",
            "service_username": "avnadmin",
            "state": "RUNNING",
            "static_ips": [],
            "tag": [],
            "termination_protection": false,
            "timeouts": null
          },
          "sensitive_attributes": [],
          "private": "eyJlMmJmYjczMC1lY2FhLTExZTYtOGY4OC0zNDM2M2JjN2M0YzAiOnsiY3JlYXRlIjoxMjAwMDAwMDAwMDAwLCJkZWxldGUiOjEyMDAwMDAwMDAwMDAsInVwZGF0ZSI6MTIwMDAwMDAwMDAwMH19"
        }
      ]
    },
    {
      "mode": "managed",
      "type": "aiven_kafka_connect",
      "name": "kafka-connect-service",
      "provider": "provider[\"registry.terraform.io/aiven/aiven\"]",
      "instances": [
        {
          "schema_version": 0,
          "attributes": {
            "additional_disk_space": null,
            "cloud_name": "google-asia-southeast1",
            "components": [
              {
                "component": "kafka_connect",
                "host": "cloud-expo-kafka-connect-tsellers-demo.aivencloud.com",
                "kafka_authentication_method": "",
                "port": 443,
                "route": "dynamic",
                "ssl": false,
                "usage": "primary"
              },
              {
                "component": "kafka_connect",
                "host": "public-cloud-expo-kafka-connect-tsellers-demo.aivencloud.com",
                "kafka_authentication_method": "",
                "port": 443,
                "route": "public",
                "ssl": false,
                "usage": "primary"
              }
            ],
            "disk_space": null,
            "disk_space_cap": "0B",
            "disk_space_default": "0B",
            "disk_space_step": "0B",
            "disk_space_used": "0B",
            "id": "tsellers-demo/cloud-expo-kafka-connect",
            "kafka_connect": [
              {}
            ],
            "kafka_connect_user_config": [
              {
                "ip_filter": [
                  "0.0.0.0/0"
                ],
                "kafka_connect": [
                  {
                    "connector_client_config_override_policy": "",
                    "consumer_auto_offset_reset": "",
                    "consumer_fetch_max_bytes": "",
                    "consumer_isolation_level": "read_committed",
                    "consumer_max_partition_fetch_bytes": "",
                    "consumer_max_poll_interval_ms": "",
                    "consumer_max_poll_records": "",
                    "offset_flush_interval_ms": "",
                    "offset_flush_timeout_ms": "",
                    "producer_compression_type": "",
                    "producer_max_request_size": "",
                    "session_timeout_ms": ""
                  }
                ],
                "private_access": [],
                "privatelink_access": [],
                "public_access": [
                  {
                    "kafka_connect": "true",
                    "prometheus": ""
                  }
                ],
                "static_ips": ""
              }
            ],
            "maintenance_window_dow": "sunday",
            "maintenance_window_time": "10:00:00",
            "plan": "business-4",
            "project": "tsellers-demo",
            "project_vpc_id": null,
            "service_host": "cloud-expo-kafka-connect-tsellers-demo.aivencloud.com",
            "service_integrations": [],
            "service_name": "cloud-expo-kafka-connect",
            "service_password": "AVNS_dP4L3Z_ZB7YiEAdlNLS",
            "service_port": 443,
            "service_type": "kafka_connect",
            "service_uri": "https://avnadmin:AVNS_dP4L3Z_ZB7YiEAdlNLS@cloud-expo-kafka-connect-tsellers-demo.aivencloud.com:443",
            "service_username": "avnadmin",
            "state": "RUNNING",
            "static_ips": [],
            "tag": [],
            "termination_protection": false,
            "timeouts": null
          },
          "sensitive_attributes": [],
          "private": "eyJlMmJmYjczMC1lY2FhLTExZTYtOGY4OC0zNDM2M2JjN2M0YzAiOnsiY3JlYXRlIjoxMjAwMDAwMDAwMDAwLCJkZWxldGUiOjEyMDAwMDAwMDAwMDAsInVwZGF0ZSI6MTIwMDAwMDAwMDAwMH19",
          "dependencies": [
            "aiven_kafka.kafka-service"
          ]
        }
      ]
    },
    {
      "mode": "managed",
      "type": "aiven_m3db",
      "name": "m3db-metrics",
      "provider": "provider[\"registry.terraform.io/aiven/aiven\"]",
      "instances": [
        {
          "schema_version": 0,
          "attributes": {
            "additional_disk_space": null,
            "cloud_name": "google-asia-southeast1",
            "components": [
              {
                "component": "m3coordinator",
                "host": "cloud-expo-metrics-m3db-tsellers-demo.aivencloud.com",
                "kafka_authentication_method": "",
                "port": 18943,
                "route": "dynamic",
                "ssl": false,
                "usage": "primary"
              },
              {
                "component": "m3coordinator_influxdb",
                "host": "cloud-expo-metrics-m3db-tsellers-demo.aivencloud.com",
                "kafka_authentication_method": "",
                "port": 18943,
                "route": "dynamic",
                "ssl": false,
                "usage": "primary"
              },
              {
                "component": "m3coordinator_prom_remote_read",
                "host": "cloud-expo-metrics-m3db-tsellers-demo.aivencloud.com",
                "kafka_authentication_method": "",
                "port": 18943,
                "route": "dynamic",
                "ssl": false,
                "usage": "primary"
              },
              {
                "component": "m3coordinator_prom_remote_write",
                "host": "cloud-expo-metrics-m3db-tsellers-demo.aivencloud.com",
                "kafka_authentication_method": "",
                "port": 18943,
                "route": "dynamic",
                "ssl": false,
                "usage": "primary"
              },
              {
                "component": "m3coordinator_graphite_render_json",
                "host": "cloud-expo-metrics-m3db-tsellers-demo.aivencloud.com",
                "kafka_authentication_method": "",
                "port": 18943,
                "route": "dynamic",
                "ssl": false,
                "usage": "primary"
              }
            ],
            "disk_space": null,
            "disk_space_cap": "450GiB",
            "disk_space_default": "150GiB",
            "disk_space_step": "10GiB",
            "disk_space_used": "150GiB",
            "id": "tsellers-demo/cloud-expo-metrics-m3db",
            "m3db": [
              {}
            ],
            "m3db_user_config": [
              {
                "custom_domain": "",
                "ip_filter": [
                  "0.0.0.0/0"
                ],
                "limits": [],
                "m3_version": "",
                "m3coordinator_enable_graphite_carbon_ingest": "",
                "m3db_version": "1.1",
                "namespaces": [
                  {
                    "name": "default",
                    "options": [
                      {
                        "retention_options": [
                          {
                            "block_data_expiry_duration": "",
                            "blocksize_duration": "2h",
                            "buffer_future_duration": "",
                            "buffer_past_duration": "",
                            "retention_period_duration": "48h"
                          }
                        ],
                        "snapshot_enabled": "",
                        "writes_to_commitlog": ""
                      }
                    ],
                    "resolution": "",
                    "type": "unaggregated"
                  }
                ],
                "private_access": [],
                "project_to_fork_from": "",
                "public_access": [],
                "rules": [],
                "service_to_fork_from": "",
                "static_ips": ""
              }
            ],
            "maintenance_window_dow": "friday",
            "maintenance_window_time": "11:03:31",
            "plan": "startup-8",
            "project": "tsellers-demo",
            "project_vpc_id": null,
            "service_host": "cloud-expo-metrics-m3db-tsellers-demo.aivencloud.com",
            "service_integrations": [],
            "service_name": "cloud-expo-metrics-m3db",
            "service_password": "AVNS_0BCxM34qYPvuZFInDC_",
            "service_port": 18943,
            "service_type": "m3db",
            "service_uri": "https://avnadmin:AVNS_0BCxM34qYPvuZFInDC_@cloud-expo-metrics-m3db-tsellers-demo.aivencloud.com:18943",
            "service_username": "avnadmin",
            "state": "RUNNING",
            "static_ips": [],
            "tag": [],
            "termination_protection": false,
            "timeouts": null
          },
          "sensitive_attributes": [],
          "private": "eyJlMmJmYjczMC1lY2FhLTExZTYtOGY4OC0zNDM2M2JjN2M0YzAiOnsiY3JlYXRlIjoxMjAwMDAwMDAwMDAwLCJkZWxldGUiOjEyMDAwMDAwMDAwMDAsInVwZGF0ZSI6MTIwMDAwMDAwMDAwMH19"
        }
      ]
    },
    {
      "mode": "managed",
      "type": "aiven_pg",
      "name": "postgres-service",
      "provider": "provider[\"registry.terraform.io/aiven/aiven\"]",
      "instances": [
        {
          "schema_version": 0,
          "attributes": {
            "additional_disk_space": null,
            "cloud_name": "google-asia-southeast1",
            "components": [
              {
                "component": "pg",
                "host": "cloud-expo-service-pg-tsellers-demo.aivencloud.com",
                "kafka_authentication_method": "",
                "port": 18943,
                "route": "dynamic",
                "ssl": false,
                "usage": "primary"
              },
              {
                "component": "pg",
                "host": "replica-cloud-expo-service-pg-tsellers-demo.aivencloud.com",
                "kafka_authentication_method": "",
                "port": 18943,
                "route": "dynamic",
                "ssl": false,
                "usage": "replica"
              },
              {
                "component": "pgbouncer",
                "host": "cloud-expo-service-pg-tsellers-demo.aivencloud.com",
                "kafka_authentication_method": "",
                "port": 18944,
                "route": "dynamic",
                "ssl": false,
                "usage": "primary"
              },
              {
                "component": "pgbouncer",
                "host": "replica-cloud-expo-service-pg-tsellers-demo.aivencloud.com",
                "kafka_authentication_method": "",
                "port": 18944,
                "route": "dynamic",
                "ssl": false,
                "usage": "replica"
              }
            ],
            "disk_space": null,
            "disk_space_cap": "240GiB",
            "disk_space_default": "80GiB",
            "disk_space_step": "10GiB",
            "disk_space_used": "80GiB",
            "id": "tsellers-demo/cloud-expo-service-pg",
            "maintenance_window_dow": "monday",
            "maintenance_window_time": "21:03:20",
            "pg": [
              {
                "dbname": "defaultdb",
                "host": "35.240.170.193",
                "max_connections": 100,
                "password": "AVNS_clmVEwX0-YoW-egN5W5",
                "port": 18943,
                "replica_uri": "postgres://avnadmin:AVNS_clmVEwX0-YoW-egN5W5@replica-cloud-expo-service-pg-tsellers-demo.aivencloud.com:18943/defaultdb?sslmode=require",
                "sslmode": "require",
                "uri": "postgres://avnadmin:AVNS_clmVEwX0-YoW-egN5W5@35.240.170.193:18943/defaultdb?sslmode=require",
                "user": "avnadmin"
              }
            ],
            "pg_user_config": [
              {
                "admin_password": "",
                "admin_username": "",
                "backup_hour": "17",
                "backup_minute": "27",
                "enable_ipv6": "",
                "ip_filter": [
                  "0.0.0.0/0"
                ],
                "migration": [],
                "pg": [
                  {
                    "autovacuum_analyze_scale_factor": "",
                    "autovacuum_analyze_threshold": "",
                    "autovacuum_freeze_max_age": "",
                    "autovacuum_max_workers": "",
                    "autovacuum_naptime": "",
                    "autovacuum_vacuum_cost_delay": "",
                    "autovacuum_vacuum_cost_limit": "",
                    "autovacuum_vacuum_scale_factor": "",
                    "autovacuum_vacuum_threshold": "",
                    "bgwriter_delay": "",
                    "bgwriter_flush_after": "",
                    "bgwriter_lru_maxpages": "",
                    "bgwriter_lru_multiplier": "",
                    "deadlock_timeout": "",
                    "default_toast_compression": "",
                    "idle_in_transaction_session_timeout": "",
                    "jit": "",
                    "log_autovacuum_min_duration": "",
                    "log_error_verbosity": "",
                    "log_line_prefix": "",
                    "log_min_duration_statement": "",
                    "log_temp_files": "",
                    "max_files_per_process": "",
                    "max_locks_per_transaction": "",
                    "max_logical_replication_workers": "",
                    "max_parallel_workers": "",
                    "max_parallel_workers_per_gather": "",
                    "max_pred_locks_per_transaction": "",
                    "max_prepared_transactions": "",
                    "max_replication_slots": "",
                    "max_slot_wal_keep_size": "",
                    "max_stack_depth": "",
                    "max_standby_archive_delay": "",
                    "max_standby_streaming_delay": "",
                    "max_wal_senders": "",
                    "max_worker_processes": "",
                    "pg_partman_bgw__dot__interval": "",
                    "pg_partman_bgw__dot__role": "",
                    "pg_stat_statements__dot__track": "",
                    "temp_file_limit": "",
                    "timezone": "",
                    "track_activity_query_size": "",
                    "track_commit_timestamp": "",
                    "track_functions": "",
                    "track_io_timing": "",
                    "wal_sender_timeout": "",
                    "wal_writer_delay": ""
                  }
                ],
                "pg_read_replica": "",
                "pg_service_to_fork_from": "",
                "pg_stat_monitor_enable": "false",
                "pg_version": "14",
                "pgbouncer": [],
                "pglookout": [
                  {
                    "max_failover_replication_time_lag": "60"
                  }
                ],
                "private_access": [],
                "privatelink_access": [],
                "project_to_fork_from": "",
                "public_access": [],
                "recovery_target_time": "",
                "service_to_fork_from": "",
                "shared_buffers_percentage": "",
                "static_ips": "",
                "synchronous_replication": "",
                "timescaledb": [],
                "variant": "",
                "work_mem": ""
              }
            ],
            "plan": "business-4",
            "project": "tsellers-demo",
            "project_vpc_id": null,
            "service_host": "cloud-expo-service-pg-tsellers-demo.aivencloud.com",
            "service_integrations": [],
            "service_name": "cloud-expo-service-pg",
            "service_password": "AVNS_clmVEwX0-YoW-egN5W5",
            "service_port": 18943,
            "service_type": "pg",
            "service_uri": "postgres://avnadmin:AVNS_clmVEwX0-YoW-egN5W5@cloud-expo-service-pg-tsellers-demo.aivencloud.com:18943/defaultdb?sslmode=require",
            "service_username": "avnadmin",
            "state": "RUNNING",
            "static_ips": [],
            "tag": [],
            "termination_protection": false,
            "timeouts": null
          },
          "sensitive_attributes": [],
          "private": "eyJlMmJmYjczMC1lY2FhLTExZTYtOGY4OC0zNDM2M2JjN2M0YzAiOnsiY3JlYXRlIjoxMjAwMDAwMDAwMDAwLCJkZWZhdWx0IjozMDAwMDAwMDAwMDAsImRlbGV0ZSI6MTIwMDAwMDAwMDAwMCwicmVhZCI6MzAwMDAwMDAwMDAwLCJ1cGRhdGUiOjEyMDAwMDAwMDAwMDB9fQ=="
        }
      ]
    }
  ]
}
