{
  "version": 4,
  "terraform_version": "1.1.9",
  "serial": 155,
  "lineage": "12362167-748b-b30a-f419-b11b82730bb4",
  "outputs": {},
  "resources": [
    {
      "mode": "data",
      "type": "aiven_kafka_user",
      "name": "kafka_admin",
      "provider": "provider[\"registry.terraform.io/aiven/aiven\"]",
      "instances": [
        {
          "schema_version": 0,
          "attributes": {
            "access_cert": "-----BEGIN CERTIFICATE-----\nMIIESjCCArKgAwIBAgIUbM42VuhzI30U705sS5FWHg3RQ4kwDQYJKoZIhvcNAQEM\nBQAwOjE4MDYGA1UEAwwvZGNjNTZkNmEtMjBmMy00MjFlLTljYjEtNGQyNzViZWI3\nNWEwIFByb2plY3QgQ0EwHhcNMjIxMDExMTMxOTE2WhcNMjUwMTA4MTMxOTE2WjBJ\nMSEwHwYDVQQKDBhjbG91ZC1leHBvLXNlcnZpY2Uta2Fma2ExETAPBgNVBAsMCHU3\nazNuNXE2MREwDwYDVQQDDAhhdm5hZG1pbjCCAaIwDQYJKoZIhvcNAQEBBQADggGP\nADCCAYoCggGBAKrcVe6b2YvBDP25NxxOmO56lGLaac7QLv1gTnsJr5viJks3ERX/\ncpZCjMUUCdr34s6B7FIYG5wv0OupeMMO4ALA3poe/JOq+3PkdpGv+H5vrMYijsZi\nTSUODB8UkFUXNud0cGK9WHlWjO7jmKGfPYVy6j7EE/WmB+AcC7U7510VDq5N23uZ\nAkt0St3VWnu6B/nF/dV6y/IvrH7NyzlG2dF1WgJhgmKulA0ryLZKC1OOAapnPC0k\nCgazFBw/CZCNHysWAd+wCZF3jaqjMoIc06E6FnuLYGmXxgLsKlr8yct4hpxYrBP+\n9VTAq/ypUdhe6o8knT9vgLRk5Zp2BHQgVg1kH3Aaio51EBsIQfjI1APk5z44OZ50\nm5s0r7pVsWQ+YfDKd5CcpYBJF2cilmNr01Z+XxWhqI4XAOkRkJBekfevZrXeix5F\nnjppOtdjLOoWmCDlKc6yHfySrF954NwHAH6zG4o6+sj9BbjIG6ibGQ9GHSpO1Vqu\n72rkHM+/1JfT0wIDAQABozkwNzAdBgNVHQ4EFgQUOcDnpdlXyNLm1g7ZZcWMT7ku\n4ugwCQYDVR0TBAIwADALBgNVHQ8EBAMCBaAwDQYJKoZIhvcNAQEMBQADggGBAHVL\nYh1H7PJFHzuXOPEvobp3UllTzonLhKxha5+19B0EzEbJZge3eOVMw7castnqQEKZ\n4VTPeKm6gjFrC96ESxKX3d8lpCpQV1GCGCaIrbmnYe7TvZJOwyhM12fM8OtBQBDk\nHsb4SOEk2PdG02ZQs7zNle+WAfDBPSTnZiKuj1udjeeu49OMa4GU/XJ5G1vEBDw7\nnSESjVttvgNczt9ZzYWFXv6Pn+6JdSIEREiAHn6xNhL4AiY9xxKT21BvbaS8mxlU\n624wtziYrBt7e3Lvd0VIiCoX6iJ8EerNKGlFwGIVadKGYFMRZH+vueoSRNwb8aiT\n+Pxm8WyB+1mefSyU0nZwM7DjtYCyFYfNO8W28gUojxDt1LyIarHrE1aNLXCN2jLg\nM09cAm/anipW5Rf9yjVDEH94FTSy1TADe0sXv3YTyvJrSQWceJtCKa9ObzaJCNpZ\n2SOfpVKIyUSe9DhjyQ5pTdiZlgfbhL+8QFew4ytLZNU6l98ITaoTkzsLX5nMXg==\n-----END CERTIFICATE-----\n",
            "access_key": "-----BEGIN PRIVATE KEY-----\nMIIG/QIBADANBgkqhkiG9w0BAQEFAASCBucwggbjAgEAAoIBgQCq3FXum9mLwQz9\nuTccTpjuepRi2mnO0C79YE57Ca+b4iZLNxEV/3KWQozFFAna9+LOgexSGBucL9Dr\nqXjDDuACwN6aHvyTqvtz5HaRr/h+b6zGIo7GYk0lDgwfFJBVFzbndHBivVh5Vozu\n45ihnz2Fcuo+xBP1pgfgHAu1O+ddFQ6uTdt7mQJLdErd1Vp7ugf5xf3VesvyL6x+\nzcs5RtnRdVoCYYJirpQNK8i2SgtTjgGqZzwtJAoGsxQcPwmQjR8rFgHfsAmRd42q\nozKCHNOhOhZ7i2Bpl8YC7Cpa/MnLeIacWKwT/vVUwKv8qVHYXuqPJJ0/b4C0ZOWa\ndgR0IFYNZB9wGoqOdRAbCEH4yNQD5Oc+ODmedJubNK+6VbFkPmHwyneQnKWASRdn\nIpZja9NWfl8VoaiOFwDpEZCQXpH3r2a13oseRZ46aTrXYyzqFpgg5SnOsh38kqxf\neeDcBwB+sxuKOvrI/QW4yBuomxkPRh0qTtVaru9q5BzPv9SX09MCAwEAAQKCAYBw\niEYgrY0OustvoLlnb2zSRPHOWcQubndEclW+O5bpuH04NMCQGHrD9Hj6pEQJcBJ1\nqKSZPT+SEvwq+qeK8RUhOx5hq9728zpCDkr5kUi9HZhRtxkKGFxu912MauLU6EFF\nGC+dGNBYumSAQm6YpGTEq/cT99idhgjR1ibv6tBrQh81NhpEwXX9dE6K5KZ/rvrp\nyzlvjT0d+cBGlAwxYTS8++mYf9h8XjcspZXAWewzz+fQ78V2hbIEz5WDNRF7nzXA\nUx9Lr6L0LHGxnPWFBTrgeLkrPHChCGoKdUhmBe6oYINFxExlPqViJ62JubjJjZws\nUrLO3DxjoozseVAYzYf1oDVSZRfb+ztQ/E4ZKXaAhBWSQYihexXaH+SAu/nf5yNk\nXcehlvv18CIFozHXWWzogK8CisgMroyq67zyiaUL1Uj9NEDPUK82FPB48oiBFRaj\nt4osktiJF0MumdqtGt+NY5fW0lncUQ9QXc62rAaVH5t+xATQw/jyha+fRldqNSEC\ngcEA2gq+oW3VgyOdHf2J6VaF2pQQl6WDf2u7weZGAeJ30Sca2cATOF+AfczvSIHa\nNidlFZ5pYpi0Cz5lHQ1n06KkwwX1muqNfZgXMOKdOwvIWCiBINGH4xf/B8AkO4jz\nRtVXwzNCE7xMlXVtllDlRI3nslOjFAZ042t81lEU63fY8j97J7MV3nw3QGfNtmjI\naSiy/PveEQXywEubkj1TSGoQ51hXvC+d/vjEvwuNGUlmUH+hRervJuWEEiOXGDIF\n6HZHAoHBAMia6RnfhZIprVQfPxxIACqZD21jvZE5/rUVDt1Y7CSZI5qBhmple//Y\nVp0BI5XwCEZDtfoGTF1ubZydjynE4dVvD44xR6t5dN5VwpmubxWNDuS7KAvzu+5m\nlHWFZAOLtDUIath7HC4C2X1IEznMIFfpBfT5iOJzwfuYajGjIxSC8QVNOnD05WgC\nqyF7cI60Au6joe14IwD4WXq4W7dOw15+lHxmH9n3FufFb1Y/eJ2rCD/3OXePYa0r\nE1EUorjgFQKBwDNVFj4hAoRGLSYzW3WAtjCYbTOWdtfXwDNNCCxHadfmse6TxrKd\n4T08sxTJ5VqcebLWQY9BzhlbjiiB0HDFuK5lR8Y59CeeV89depC9HGSM3KGiUrCH\nJLZpaN5PRp7leSzuc178FLeXFr6tutwh4GteP2Vmg7xKwPAf1KH+7CdUBKV7BuoD\nKmrSRV7tWklPmJvwm/47/UOCSVTrdSD2P5aHeNhICZVOcdtcV9KdMiY/dfNk9Pqe\nTDKNCHRcyoFI3wKBwArLw3XAAMk/8vMPB293NIMWX60sa/xP2bRXIMiqy3Kgxzi+\ndcRuF8FKHEcw04BzPY7CgB2njx6MHdwK4rSFwv2gj37AijHhRHfet61bpODNCZsn\ns10JTfjjjmPQvPQv5Y/hFxb1cSvMvXWvllFK+gahJM/tSf+d6TeoGTb4p5+n+F6n\nrFh95Ya2dg1EPmd/qpS7O7CzAXdA5lfjahQwafVA7K7RNC+fy5zHlFlY6x3ZIYWH\nwZD8p24RXmXDrYozjQKBwQCaxW1/1kvEUkbsl75RvUguymhmYCtNAlvuEZdYM5yn\nYbKVca6Edd3kxHZ5x7mJ8nbnrYWxJn0YHbHXYlSXaI8yAR4w9psL+vBSLJ+/3dl9\nA3QaVDXBA2KceSkm1iwa1w9/t7tfrSBdVK3q6NQdcnIL49PE1Od0RffddUPqmlQr\neXrcBndikrvVGg95Xk6ZlSqlfUO77LKvzZcFtbZmXMEVdrx/oOv7uwOPRaD7HLcP\nblw0LOEP/Qf9cqXYAo5eR74=\n-----END PRIVATE KEY-----\n",
            "id": "tsellers-demo/cloud-expo-service-kafka/avnadmin",
            "password": "AVNS_YA18HJbCgU_1ed8Zs-l",
            "project": "tsellers-demo",
            "service_name": "cloud-expo-service-kafka",
            "type": "primary",
            "username": "avnadmin"
          },
          "sensitive_attributes": []
        }
      ]
    },
    {
      "mode": "data",
      "type": "aiven_project",
      "name": "demo-project",
      "provider": "provider[\"registry.terraform.io/aiven/aiven\"]",
      "instances": [
        {
          "schema_version": 0,
          "attributes": {
            "account_id": "a2dad8d253c4",
            "add_account_owners_admin_access": null,
            "available_credits": "125.13",
            "billing_group": "588a8e63-fda7-4ff7-9bff-577debfee604",
            "ca_cert": "-----BEGIN CERTIFICATE-----\nMIIEQTCCAqmgAwIBAgIUOobuSYEkBT26F7dobeH+2H1ffuIwDQYJKoZIhvcNAQEM\nBQAwOjE4MDYGA1UEAwwvZGNjNTZkNmEtMjBmMy00MjFlLTljYjEtNGQyNzViZWI3\nNWEwIFByb2plY3QgQ0EwHhcNMjIwNTAzMTMyODUyWhcNMzIwNDMwMTMyODUyWjA6\nMTgwNgYDVQQDDC9kY2M1NmQ2YS0yMGYzLTQyMWUtOWNiMS00ZDI3NWJlYjc1YTAg\nUHJvamVjdCBDQTCCAaIwDQYJKoZIhvcNAQEBBQADggGPADCCAYoCggGBANA2UEFF\ncO/nV63Bhd2hBWHMvofcOu76w/pUY3DBjXYuqxZLjZJiVVokZeIOGHtQoE+g4Bgh\nFKxwScgLuiIymgH1Wqq6hNgbVVkDTkXFmescKDzkiiMCcy/y77t3bsdAqOzGf2Fx\n4h5I3FwwSYI6DGIg7GtBk/K4MF+A2wcT/W4i5TtDtCyrD/9ssSwf+Fe+fXMDxsdH\ncwkfph0pZe6NCqBX8Pfwm/4DncHoRGGeoR7TJEBmRoVdwIXINol6NhmipyxgH2Hi\n+gFHsOnh2lfuQBYbrQ4F6yUG7g1ZB9TWKtQEMEamo74eA3z/GR7pwXXE+iI3rgmx\nY7eMStcv8J3vTxABnbigEgmAoHJ9tZAkmOfwqkrRTMMhoAeMDdja3U5RgKH0XFez\nfLBZWeu5y3P2iy9t9i91SeyyzNN0v3ykuKAFREGu4IJSV3tOAzVHzdidHOLqDCe4\nA9FfEC5W7gW1PsNQ8H/u8NbuE+J9Z+mIq29dbi3wSnLLYTtsFicc1Hy76wIDAQAB\noz8wPTAdBgNVHQ4EFgQUxeF9HIJncOJ+w5jH6doLpiMOxpkwDwYDVR0TBAgwBgEB\n/wIBADALBgNVHQ8EBAMCAQYwDQYJKoZIhvcNAQEMBQADggGBAGZWfy6DOYP4xcMY\nasROs28kXPixJnh8fT8laFtJAKx0wGKhnilyO7JHe736wCo9J5roc/MWeUuXY3sU\n9j/lRWOXbGsmH3XFxeALQjU5gLeyZGRy+uxyUXOFhmDA+HKIZAfzLFOv+4+8Xw6A\n9NPXufD72CbEIC9gN3C41+yaasY+yR+6GI6T6/xAkOOQtjQCTXVaSdk+MuQ1/ewV\nVXE7qnclpK5I2VsekZ0yZzmun//3ZVMFVNb1DPMcuX5nib8NgVzoSLvySyW4Qrxu\ny1BejDIS7uPVt/WD+yfVH+58A5zA7CA7mp3YRsJCu6n2sqeA/2SSoGzEH7RMK3rT\nLExoj4kHpzOHvYisQawjpIHV85JqsVv/6+DxDlP52eboFS80xe9AcLJ6KXF4GLmC\npUxMXM9tVFkiE7bYeJwVcuH0LB5hXyJugizIJPOqNXXkjAEWltqJcQnGCLwkK/+x\nIPlEfar7DSqXSg/PPt7UFjw9y5pcnULWMnUJZ6k2eUi71skqmw==\n-----END CERTIFICATE-----\n",
            "copy_from_project": null,
            "default_cloud": "google-asia-southeast1",
            "estimated_balance": "495.67",
            "id": "tsellers-demo",
            "payment_method": "no_payment_expected",
            "project": "tsellers-demo",
            "tag": [],
            "technical_emails": [
              "troy.sellers@aiven.io"
            ],
            "use_source_project_billing_group": null
          },
          "sensitive_attributes": []
        }
      ]
    },
    {
      "mode": "data",
      "type": "aiven_service_component",
      "name": "schema_registry",
      "provider": "provider[\"registry.terraform.io/aiven/aiven\"]",
      "instances": [
        {
          "schema_version": 0,
          "attributes": {
            "component": "schema_registry",
            "host": "cloud-expo-service-kafka-tsellers-demo.aivencloud.com",
            "id": "cloud-expo-service-kafka-tsellers-demo.aivencloud.com/18943",
            "kafka_authentication_method": "",
            "port": 18943,
            "project": "tsellers-demo",
            "route": "dynamic",
            "service_name": "cloud-expo-service-kafka",
            "ssl": null,
            "usage": "primary"
          },
          "sensitive_attributes": []
        }
      ]
    },
    {
      "mode": "managed",
      "type": "aiven_clickhouse",
      "name": "clickhouse",
      "provider": "provider[\"registry.terraform.io/aiven/aiven\"]",
      "instances": [
        {
          "schema_version": 0,
          "attributes": {
            "additional_disk_space": null,
            "clickhouse": [
              {}
            ],
            "clickhouse_user_config": [
              {
                "ip_filter": [
                  "0.0.0.0/0"
                ],
                "project_to_fork_from": "",
                "service_to_fork_from": ""
              }
            ],
            "cloud_name": "google-asia-southeast1",
            "components": [
              {
                "component": "clickhouse",
                "host": "cloud-expo-clickhouse-tsellers-demo.aivencloud.com",
                "kafka_authentication_method": "",
                "port": 18943,
                "route": "dynamic",
                "ssl": false,
                "usage": "primary"
              },
              {
                "component": "clickhouse_https",
                "host": "cloud-expo-clickhouse-tsellers-demo.aivencloud.com",
                "kafka_authentication_method": "",
                "port": 18944,
                "route": "dynamic",
                "ssl": false,
                "usage": "primary"
              }
            ],
            "disk_space": null,
            "disk_space_cap": "0B",
            "disk_space_default": "439GiB",
            "disk_space_step": "0B",
            "disk_space_used": "439GiB",
            "id": "tsellers-demo/cloud-expo-clickhouse",
            "maintenance_window_dow": "monday",
            "maintenance_window_time": "10:00:00",
            "plan": "startup-beta-8",
            "project": "tsellers-demo",
            "project_vpc_id": null,
            "service_host": "cloud-expo-clickhouse-tsellers-demo.aivencloud.com",
            "service_integrations": [],
            "service_name": "cloud-expo-clickhouse",
            "service_password": "AVNS_jK2c0p9XUb6RpAnnJAH",
            "service_port": 18943,
            "service_type": "clickhouse",
            "service_uri": "cloud-expo-clickhouse-tsellers-demo.aivencloud.com:18943",
            "service_username": "avnadmin",
            "state": "RUNNING",
            "static_ips": null,
            "tag": [],
            "termination_protection": false,
            "timeouts": null
          },
          "sensitive_attributes": [],
          "private": "eyJlMmJmYjczMC1lY2FhLTExZTYtOGY4OC0zNDM2M2JjN2M0YzAiOnsiY3JlYXRlIjoxMjAwMDAwMDAwMDAwLCJkZWxldGUiOjEyMDAwMDAwMDAwMDAsInVwZGF0ZSI6MTIwMDAwMDAwMDAwMH19"
        }
      ]
    },
    {
      "mode": "managed",
      "type": "aiven_grafana",
      "name": "grafana",
      "provider": "provider[\"registry.terraform.io/aiven/aiven\"]",
      "instances": [
        {
          "schema_version": 0,
          "attributes": {
            "additional_disk_space": null,
            "cloud_name": "google-asia-southeast1",
            "components": [
              {
                "component": "grafana",
                "host": "cloud-expo-metrics-grafana-tsellers-demo.aivencloud.com",
                "kafka_authentication_method": "",
                "port": 443,
                "route": "dynamic",
                "ssl": false,
                "usage": "primary"
              }
            ],
            "disk_space": null,
            "disk_space_cap": "0B",
            "disk_space_default": "0B",
            "disk_space_step": "0B",
            "disk_space_used": "0B",
            "grafana": [
              {}
            ],
            "grafana_user_config": [
              {
                "alerting_enabled": "",
                "alerting_error_or_timeout": "",
                "alerting_max_annotations_to_keep": "",
                "alerting_nodata_or_nullvalues": "",
                "allow_embedding": "",
                "auth_azuread": [],
                "auth_basic_enabled": "",
                "auth_generic_oauth": [],
                "auth_github": [],
                "auth_gitlab": [],
                "auth_google": [],
                "cookie_samesite": "",
                "custom_domain": "",
                "dashboards_min_refresh_interval": "",
                "dashboards_versions_to_keep": "",
                "dataproxy_send_user_header": "",
                "dataproxy_timeout": "",
                "date_formats": [],
                "disable_gravatar": "",
                "editors_can_admin": "",
                "external_image_storage": [],
                "google_analytics_ua_id": "",
                "ip_filter": [
                  "0.0.0.0/0"
                ],
                "metrics_enabled": "",
                "private_access": [],
                "privatelink_access": [],
                "project_to_fork_from": "",
                "public_access": [],
                "recovery_basebackup_name": "",
                "service_to_fork_from": "",
                "smtp_server": [],
                "static_ips": "",
                "user_auto_assign_org": "",
                "user_auto_assign_org_role": "",
                "viewers_can_edit": ""
              }
            ],
            "id": "tsellers-demo/cloud-expo-metrics-grafana",
            "maintenance_window_dow": "tuesday",
            "maintenance_window_time": "22:01:11",
            "plan": "startup-4",
            "project": "tsellers-demo",
            "project_vpc_id": null,
            "service_host": "cloud-expo-metrics-grafana-tsellers-demo.aivencloud.com",
            "service_integrations": [],
            "service_name": "cloud-expo-metrics-grafana",
            "service_password": "AVNS_GqQqBYgOwG3oBBOmkQT",
            "service_port": 443,
            "service_type": "grafana",
            "service_uri": "https://cloud-expo-metrics-grafana-tsellers-demo.aivencloud.com:443",
            "service_username": "avnadmin",
            "state": "RUNNING",
            "static_ips": null,
            "tag": [],
            "termination_protection": false,
            "timeouts": null
          },
          "sensitive_attributes": [],
          "private": "eyJlMmJmYjczMC1lY2FhLTExZTYtOGY4OC0zNDM2M2JjN2M0YzAiOnsiY3JlYXRlIjoxMjAwMDAwMDAwMDAwLCJkZWxldGUiOjEyMDAwMDAwMDAwMDAsInVwZGF0ZSI6MTIwMDAwMDAwMDAwMH19"
        }
      ]
    },
    {
      "mode": "managed",
      "type": "aiven_kafka",
      "name": "kafka-service",
      "provider": "provider[\"registry.terraform.io/aiven/aiven\"]",
      "instances": [
        {
          "schema_version": 0,
          "attributes": {
            "additional_disk_space": null,
            "cloud_name": "google-asia-southeast1",
            "components": [
              {
                "component": "kafka",
                "host": "cloud-expo-service-kafka-tsellers-demo.aivencloud.com",
                "kafka_authentication_method": "",
                "port": 18945,
                "route": "dynamic",
                "ssl": false,
                "usage": "primary"
              },
              {
                "component": "kafka_connect",
                "host": "cloud-expo-service-kafka-tsellers-demo.aivencloud.com",
                "kafka_authentication_method": "",
                "port": 18943,
                "route": "dynamic",
                "ssl": false,
                "usage": "primary"
              },
              {
                "component": "kafka_rest",
                "host": "cloud-expo-service-kafka-tsellers-demo.aivencloud.com",
                "kafka_authentication_method": "",
                "port": 18947,
                "route": "dynamic",
                "ssl": false,
                "usage": "primary"
              },
              {
                "component": "schema_registry",
                "host": "cloud-expo-service-kafka-tsellers-demo.aivencloud.com",
                "kafka_authentication_method": "",
                "port": 18948,
                "route": "dynamic",
                "ssl": false,
                "usage": "primary"
              }
            ],
            "default_acl": true,
            "disk_space": null,
            "disk_space_cap": "1800GiB",
            "disk_space_default": "600GiB",
            "disk_space_step": "30GiB",
            "disk_space_used": "600GiB",
            "id": "tsellers-demo/cloud-expo-service-kafka",
            "kafka": [
              {
                "access_cert": "-----BEGIN CERTIFICATE-----\nMIIESjCCArKgAwIBAgIUbM42VuhzI30U705sS5FWHg3RQ4kwDQYJKoZIhvcNAQEM\nBQAwOjE4MDYGA1UEAwwvZGNjNTZkNmEtMjBmMy00MjFlLTljYjEtNGQyNzViZWI3\nNWEwIFByb2plY3QgQ0EwHhcNMjIxMDExMTMxOTE2WhcNMjUwMTA4MTMxOTE2WjBJ\nMSEwHwYDVQQKDBhjbG91ZC1leHBvLXNlcnZpY2Uta2Fma2ExETAPBgNVBAsMCHU3\nazNuNXE2MREwDwYDVQQDDAhhdm5hZG1pbjCCAaIwDQYJKoZIhvcNAQEBBQADggGP\nADCCAYoCggGBAKrcVe6b2YvBDP25NxxOmO56lGLaac7QLv1gTnsJr5viJks3ERX/\ncpZCjMUUCdr34s6B7FIYG5wv0OupeMMO4ALA3poe/JOq+3PkdpGv+H5vrMYijsZi\nTSUODB8UkFUXNud0cGK9WHlWjO7jmKGfPYVy6j7EE/WmB+AcC7U7510VDq5N23uZ\nAkt0St3VWnu6B/nF/dV6y/IvrH7NyzlG2dF1WgJhgmKulA0ryLZKC1OOAapnPC0k\nCgazFBw/CZCNHysWAd+wCZF3jaqjMoIc06E6FnuLYGmXxgLsKlr8yct4hpxYrBP+\n9VTAq/ypUdhe6o8knT9vgLRk5Zp2BHQgVg1kH3Aaio51EBsIQfjI1APk5z44OZ50\nm5s0r7pVsWQ+YfDKd5CcpYBJF2cilmNr01Z+XxWhqI4XAOkRkJBekfevZrXeix5F\nnjppOtdjLOoWmCDlKc6yHfySrF954NwHAH6zG4o6+sj9BbjIG6ibGQ9GHSpO1Vqu\n72rkHM+/1JfT0wIDAQABozkwNzAdBgNVHQ4EFgQUOcDnpdlXyNLm1g7ZZcWMT7ku\n4ugwCQYDVR0TBAIwADALBgNVHQ8EBAMCBaAwDQYJKoZIhvcNAQEMBQADggGBAHVL\nYh1H7PJFHzuXOPEvobp3UllTzonLhKxha5+19B0EzEbJZge3eOVMw7castnqQEKZ\n4VTPeKm6gjFrC96ESxKX3d8lpCpQV1GCGCaIrbmnYe7TvZJOwyhM12fM8OtBQBDk\nHsb4SOEk2PdG02ZQs7zNle+WAfDBPSTnZiKuj1udjeeu49OMa4GU/XJ5G1vEBDw7\nnSESjVttvgNczt9ZzYWFXv6Pn+6JdSIEREiAHn6xNhL4AiY9xxKT21BvbaS8mxlU\n624wtziYrBt7e3Lvd0VIiCoX6iJ8EerNKGlFwGIVadKGYFMRZH+vueoSRNwb8aiT\n+Pxm8WyB+1mefSyU0nZwM7DjtYCyFYfNO8W28gUojxDt1LyIarHrE1aNLXCN2jLg\nM09cAm/anipW5Rf9yjVDEH94FTSy1TADe0sXv3YTyvJrSQWceJtCKa9ObzaJCNpZ\n2SOfpVKIyUSe9DhjyQ5pTdiZlgfbhL+8QFew4ytLZNU6l98ITaoTkzsLX5nMXg==\n-----END CERTIFICATE-----\n",
                "access_key": "-----BEGIN PRIVATE KEY-----\nMIIG/QIBADANBgkqhkiG9w0BAQEFAASCBucwggbjAgEAAoIBgQCq3FXum9mLwQz9\nuTccTpjuepRi2mnO0C79YE57Ca+b4iZLNxEV/3KWQozFFAna9+LOgexSGBucL9Dr\nqXjDDuACwN6aHvyTqvtz5HaRr/h+b6zGIo7GYk0lDgwfFJBVFzbndHBivVh5Vozu\n45ihnz2Fcuo+xBP1pgfgHAu1O+ddFQ6uTdt7mQJLdErd1Vp7ugf5xf3VesvyL6x+\nzcs5RtnRdVoCYYJirpQNK8i2SgtTjgGqZzwtJAoGsxQcPwmQjR8rFgHfsAmRd42q\nozKCHNOhOhZ7i2Bpl8YC7Cpa/MnLeIacWKwT/vVUwKv8qVHYXuqPJJ0/b4C0ZOWa\ndgR0IFYNZB9wGoqOdRAbCEH4yNQD5Oc+ODmedJubNK+6VbFkPmHwyneQnKWASRdn\nIpZja9NWfl8VoaiOFwDpEZCQXpH3r2a13oseRZ46aTrXYyzqFpgg5SnOsh38kqxf\neeDcBwB+sxuKOvrI/QW4yBuomxkPRh0qTtVaru9q5BzPv9SX09MCAwEAAQKCAYBw\niEYgrY0OustvoLlnb2zSRPHOWcQubndEclW+O5bpuH04NMCQGHrD9Hj6pEQJcBJ1\nqKSZPT+SEvwq+qeK8RUhOx5hq9728zpCDkr5kUi9HZhRtxkKGFxu912MauLU6EFF\nGC+dGNBYumSAQm6YpGTEq/cT99idhgjR1ibv6tBrQh81NhpEwXX9dE6K5KZ/rvrp\nyzlvjT0d+cBGlAwxYTS8++mYf9h8XjcspZXAWewzz+fQ78V2hbIEz5WDNRF7nzXA\nUx9Lr6L0LHGxnPWFBTrgeLkrPHChCGoKdUhmBe6oYINFxExlPqViJ62JubjJjZws\nUrLO3DxjoozseVAYzYf1oDVSZRfb+ztQ/E4ZKXaAhBWSQYihexXaH+SAu/nf5yNk\nXcehlvv18CIFozHXWWzogK8CisgMroyq67zyiaUL1Uj9NEDPUK82FPB48oiBFRaj\nt4osktiJF0MumdqtGt+NY5fW0lncUQ9QXc62rAaVH5t+xATQw/jyha+fRldqNSEC\ngcEA2gq+oW3VgyOdHf2J6VaF2pQQl6WDf2u7weZGAeJ30Sca2cATOF+AfczvSIHa\nNidlFZ5pYpi0Cz5lHQ1n06KkwwX1muqNfZgXMOKdOwvIWCiBINGH4xf/B8AkO4jz\nRtVXwzNCE7xMlXVtllDlRI3nslOjFAZ042t81lEU63fY8j97J7MV3nw3QGfNtmjI\naSiy/PveEQXywEubkj1TSGoQ51hXvC+d/vjEvwuNGUlmUH+hRervJuWEEiOXGDIF\n6HZHAoHBAMia6RnfhZIprVQfPxxIACqZD21jvZE5/rUVDt1Y7CSZI5qBhmple//Y\nVp0BI5XwCEZDtfoGTF1ubZydjynE4dVvD44xR6t5dN5VwpmubxWNDuS7KAvzu+5m\nlHWFZAOLtDUIath7HC4C2X1IEznMIFfpBfT5iOJzwfuYajGjIxSC8QVNOnD05WgC\nqyF7cI60Au6joe14IwD4WXq4W7dOw15+lHxmH9n3FufFb1Y/eJ2rCD/3OXePYa0r\nE1EUorjgFQKBwDNVFj4hAoRGLSYzW3WAtjCYbTOWdtfXwDNNCCxHadfmse6TxrKd\n4T08sxTJ5VqcebLWQY9BzhlbjiiB0HDFuK5lR8Y59CeeV89depC9HGSM3KGiUrCH\nJLZpaN5PRp7leSzuc178FLeXFr6tutwh4GteP2Vmg7xKwPAf1KH+7CdUBKV7BuoD\nKmrSRV7tWklPmJvwm/47/UOCSVTrdSD2P5aHeNhICZVOcdtcV9KdMiY/dfNk9Pqe\nTDKNCHRcyoFI3wKBwArLw3XAAMk/8vMPB293NIMWX60sa/xP2bRXIMiqy3Kgxzi+\ndcRuF8FKHEcw04BzPY7CgB2njx6MHdwK4rSFwv2gj37AijHhRHfet61bpODNCZsn\ns10JTfjjjmPQvPQv5Y/hFxb1cSvMvXWvllFK+gahJM/tSf+d6TeoGTb4p5+n+F6n\nrFh95Ya2dg1EPmd/qpS7O7CzAXdA5lfjahQwafVA7K7RNC+fy5zHlFlY6x3ZIYWH\nwZD8p24RXmXDrYozjQKBwQCaxW1/1kvEUkbsl75RvUguymhmYCtNAlvuEZdYM5yn\nYbKVca6Edd3kxHZ5x7mJ8nbnrYWxJn0YHbHXYlSXaI8yAR4w9psL+vBSLJ+/3dl9\nA3QaVDXBA2KceSkm1iwa1w9/t7tfrSBdVK3q6NQdcnIL49PE1Od0RffddUPqmlQr\neXrcBndikrvVGg95Xk6ZlSqlfUO77LKvzZcFtbZmXMEVdrx/oOv7uwOPRaD7HLcP\nblw0LOEP/Qf9cqXYAo5eR74=\n-----END PRIVATE KEY-----\n",
                "connect_uri": "https://avnadmin:AVNS_yfgxl83jZErbSLSlLRi@cloud-expo-service-kafka-tsellers-demo.aivencloud.com:18943",
                "rest_uri": "https://avnadmin:AVNS_YA18HJbCgU_1ed8Zs-l@cloud-expo-service-kafka-tsellers-demo.aivencloud.com:18947",
                "schema_registry_uri": "https://avnadmin:AVNS_YA18HJbCgU_1ed8Zs-l@cloud-expo-service-kafka-tsellers-demo.aivencloud.com:18948"
              }
            ],
            "kafka_user_config": [
              {
                "custom_domain": "",
                "ip_filter": [
                  "0.0.0.0/0"
                ],
                "kafka": [
                  {
                    "auto_create_topics_enable": "true",
                    "compression_type": "",
                    "connections_max_idle_ms": "",
                    "default_replication_factor": "",
                    "group_initial_rebalance_delay_ms": "",
                    "group_max_session_timeout_ms": "",
                    "group_min_session_timeout_ms": "",
                    "log_cleaner_delete_retention_ms": "",
                    "log_cleaner_max_compaction_lag_ms": "",
                    "log_cleaner_min_cleanable_ratio": "",
                    "log_cleaner_min_compaction_lag_ms": "",
                    "log_cleanup_policy": "",
                    "log_flush_interval_messages": "",
                    "log_flush_interval_ms": "",
                    "log_index_interval_bytes": "",
                    "log_index_size_max_bytes": "",
                    "log_message_downconversion_enable": "",
                    "log_message_timestamp_difference_max_ms": "",
                    "log_message_timestamp_type": "",
                    "log_preallocate": "",
                    "log_retention_bytes": "",
                    "log_retention_hours": "",
                    "log_retention_ms": "",
                    "log_roll_jitter_ms": "",
                    "log_roll_ms": "",
                    "log_segment_bytes": "",
                    "log_segment_delete_delay_ms": "",
                    "max_connections_per_ip": "",
                    "max_incremental_fetch_session_cache_slots": "",
                    "message_max_bytes": "",
                    "min_insync_replicas": "",
                    "num_partitions": "",
                    "offsets_retention_minutes": "",
                    "producer_purgatory_purge_interval_requests": "",
                    "replica_fetch_max_bytes": "",
                    "replica_fetch_response_max_bytes": "",
                    "socket_request_max_bytes": "",
                    "transaction_remove_expired_transaction_cleanup_interval_ms": "",
                    "transaction_state_log_segment_bytes": ""
                  }
                ],
                "kafka_authentication_methods": [
                  {
                    "certificate": "true",
                    "sasl": "false"
                  }
                ],
                "kafka_connect": "true",
                "kafka_connect_config": [],
                "kafka_rest": "true",
                "kafka_rest_config": [],
                "kafka_version": "3.2",
                "private_access": [],
                "privatelink_access": [],
                "public_access": [],
                "schema_registry": "true",
                "schema_registry_config": [],
                "static_ips": ""
              }
            ],
            "karapace": null,
            "maintenance_window_dow": "monday",
            "maintenance_window_time": "10:00:00",
            "plan": "business-4",
            "project": "tsellers-demo",
            "project_vpc_id": null,
            "service_host": "cloud-expo-service-kafka-tsellers-demo.aivencloud.com",
            "service_integrations": [],
            "service_name": "cloud-expo-service-kafka",
            "service_password": "AVNS_YA18HJbCgU_1ed8Zs-l",
            "service_port": 18945,
            "service_type": "kafka",
            "service_uri": "cloud-expo-service-kafka-tsellers-demo.aivencloud.com:18945",
            "service_username": "avnadmin",
            "state": "RUNNING",
            "static_ips": null,
            "tag": [],
            "termination_protection": false,
            "timeouts": null
          },
          "sensitive_attributes": [],
          "private": "eyJlMmJmYjczMC1lY2FhLTExZTYtOGY4OC0zNDM2M2JjN2M0YzAiOnsiY3JlYXRlIjoxMjAwMDAwMDAwMDAwLCJkZWxldGUiOjEyMDAwMDAwMDAwMDAsInVwZGF0ZSI6MTIwMDAwMDAwMDAwMH19"
        }
      ]
    },
    {
      "mode": "managed",
      "type": "aiven_kafka_connect",
      "name": "kafka-connect-service",
      "provider": "provider[\"registry.terraform.io/aiven/aiven\"]",
      "instances": [
        {
          "schema_version": 0,
          "attributes": {
            "additional_disk_space": null,
            "cloud_name": "google-asia-southeast1",
            "components": [
              {
                "component": "kafka_connect",
                "host": "cloud-expo-kafka-connect-tsellers-demo.aivencloud.com",
                "kafka_authentication_method": "",
                "port": 443,
                "route": "dynamic",
                "ssl": false,
                "usage": "primary"
              },
              {
                "component": "kafka_connect",
                "host": "public-cloud-expo-kafka-connect-tsellers-demo.aivencloud.com",
                "kafka_authentication_method": "",
                "port": 443,
                "route": "public",
                "ssl": false,
                "usage": "primary"
              }
            ],
            "disk_space": null,
            "disk_space_cap": "0B",
            "disk_space_default": "0B",
            "disk_space_step": "0B",
            "disk_space_used": "0B",
            "id": "tsellers-demo/cloud-expo-kafka-connect",
            "kafka_connect": [
              {}
            ],
            "kafka_connect_user_config": [
              {
                "ip_filter": [
                  "0.0.0.0/0"
                ],
                "kafka_connect": [
                  {
                    "connector_client_config_override_policy": "",
                    "consumer_auto_offset_reset": "",
                    "consumer_fetch_max_bytes": "",
                    "consumer_isolation_level": "read_committed",
                    "consumer_max_partition_fetch_bytes": "",
                    "consumer_max_poll_interval_ms": "",
                    "consumer_max_poll_records": "",
                    "offset_flush_interval_ms": "",
                    "offset_flush_timeout_ms": "",
                    "producer_compression_type": "",
                    "producer_max_request_size": "",
                    "session_timeout_ms": ""
                  }
                ],
                "private_access": [],
                "privatelink_access": [],
                "public_access": [
                  {
                    "kafka_connect": "true",
                    "prometheus": ""
                  }
                ],
                "static_ips": ""
              }
            ],
            "maintenance_window_dow": "sunday",
            "maintenance_window_time": "10:00:00",
            "plan": "business-4",
            "project": "tsellers-demo",
            "project_vpc_id": null,
            "service_host": "cloud-expo-kafka-connect-tsellers-demo.aivencloud.com",
            "service_integrations": [],
            "service_name": "cloud-expo-kafka-connect",
            "service_password": "AVNS_bJyecZoK7cXW7vrVOMQ",
            "service_port": 443,
            "service_type": "kafka_connect",
            "service_uri": "https://avnadmin:AVNS_bJyecZoK7cXW7vrVOMQ@cloud-expo-kafka-connect-tsellers-demo.aivencloud.com:443",
            "service_username": "avnadmin",
            "state": "RUNNING",
            "static_ips": null,
            "tag": [],
            "termination_protection": false,
            "timeouts": null
          },
          "sensitive_attributes": [],
          "private": "eyJlMmJmYjczMC1lY2FhLTExZTYtOGY4OC0zNDM2M2JjN2M0YzAiOnsiY3JlYXRlIjoxMjAwMDAwMDAwMDAwLCJkZWxldGUiOjEyMDAwMDAwMDAwMDAsInVwZGF0ZSI6MTIwMDAwMDAwMDAwMH19",
          "dependencies": [
            "aiven_kafka.kafka-service"
          ]
        }
      ]
    },
    {
      "mode": "managed",
      "type": "aiven_kafka_connector",
      "name": "kafka-pg-source-conn",
      "provider": "provider[\"registry.terraform.io/aiven/aiven\"]",
      "instances": [
        {
          "schema_version": 0,
          "attributes": {
            "config": {
              "connector.class": "io.debezium.connector.postgresql.PostgresConnector",
              "database.dbname": "defaultdb",
              "database.hostname": "cloud-expo-service-pg-tsellers-demo.aivencloud.com",
              "database.password": "AVNS_VB1C2o9PPeFOeZ4q-ml",
              "database.port": "18943",
              "database.server.name": "cloud-expo-service-pg",
              "database.sslmode": "require",
              "database.user": "avnadmin",
              "decimal.handling.mode": "string",
              "include.schema.changes": "false",
              "key.converter": "org.apache.kafka.connect.json.JsonConverter",
              "key.converter.schemas.enable": "false",
              "name": "kafka-pg-source-conn",
              "plugin.name": "pgoutput",
              "publication.name": "debezium_publication",
              "slot.name": "debezium",
              "tasks.max": "1",
              "transforms": "extractState",
              "transforms.extractState.type": "io.debezium.transforms.ExtractNewRecordState",
              "value.converter": "org.apache.kafka.connect.json.JsonConverter",
              "value.converter.schemas.enable": "false"
            },
            "connector_name": "kafka-pg-source-conn",
            "id": "tsellers-demo/cloud-expo-kafka-connect/kafka-pg-source-conn",
            "plugin_author": "Debezium",
            "plugin_class": "io.debezium.connector.postgresql.PostgresConnector",
            "plugin_doc_url": "https://debezium.io/docs/connectors/postgresql/",
            "plugin_title": "Debezium - PostgreSQL",
            "plugin_type": "source",
            "plugin_version": "1.9.5.Final",
            "project": "tsellers-demo",
            "service_name": "cloud-expo-kafka-connect",
            "task": [
              {
                "connector": "kafka-pg-source-conn",
                "task": 0
              }
            ],
            "timeouts": null
          },
          "sensitive_attributes": [
            [
              {
                "type": "get_attr",
                "value": "config"
              },
              {
                "type": "index",
                "value": {
                  "value": "database.password",
                  "type": "string"
                }
              }
            ]
          ],
          "private": "eyJlMmJmYjczMC1lY2FhLTExZTYtOGY4OC0zNDM2M2JjN2M0YzAiOnsicmVhZCI6MTIwMDAwMDAwMDAwfX0=",
          "dependencies": [
            "aiven_kafka.kafka-service",
            "aiven_kafka_connect.kafka-connect-service",
            "aiven_pg.postgres-service",
            "aiven_service_integration.kafka-connect-integration"
          ]
        }
      ]
    },
    {
      "mode": "managed",
      "type": "aiven_m3db",
      "name": "m3db-metrics",
      "provider": "provider[\"registry.terraform.io/aiven/aiven\"]",
      "instances": [
        {
          "schema_version": 0,
          "attributes": {
            "additional_disk_space": null,
            "cloud_name": "google-asia-southeast1",
            "components": [
              {
                "component": "m3coordinator",
                "host": "cloud-expo-metrics-m3db-tsellers-demo.aivencloud.com",
                "kafka_authentication_method": "",
                "port": 18943,
                "route": "dynamic",
                "ssl": false,
                "usage": "primary"
              },
              {
                "component": "m3coordinator_influxdb",
                "host": "cloud-expo-metrics-m3db-tsellers-demo.aivencloud.com",
                "kafka_authentication_method": "",
                "port": 18943,
                "route": "dynamic",
                "ssl": false,
                "usage": "primary"
              },
              {
                "component": "m3coordinator_prom_remote_read",
                "host": "cloud-expo-metrics-m3db-tsellers-demo.aivencloud.com",
                "kafka_authentication_method": "",
                "port": 18943,
                "route": "dynamic",
                "ssl": false,
                "usage": "primary"
              },
              {
                "component": "m3coordinator_prom_remote_write",
                "host": "cloud-expo-metrics-m3db-tsellers-demo.aivencloud.com",
                "kafka_authentication_method": "",
                "port": 18943,
                "route": "dynamic",
                "ssl": false,
                "usage": "primary"
              },
              {
                "component": "m3coordinator_graphite_render_json",
                "host": "cloud-expo-metrics-m3db-tsellers-demo.aivencloud.com",
                "kafka_authentication_method": "",
                "port": 18943,
                "route": "dynamic",
                "ssl": false,
                "usage": "primary"
              }
            ],
            "disk_space": null,
            "disk_space_cap": "450GiB",
            "disk_space_default": "150GiB",
            "disk_space_step": "10GiB",
            "disk_space_used": "150GiB",
            "id": "tsellers-demo/cloud-expo-metrics-m3db",
            "m3db": [
              {}
            ],
            "m3db_user_config": [
              {
                "custom_domain": "",
                "ip_filter": [
                  "0.0.0.0/0"
                ],
                "limits": [],
                "m3_version": "",
                "m3coordinator_enable_graphite_carbon_ingest": "",
                "m3db_version": "1.1",
                "namespaces": [
                  {
                    "name": "default",
                    "options": [
                      {
                        "retention_options": [
                          {
                            "block_data_expiry_duration": "",
                            "blocksize_duration": "2h",
                            "buffer_future_duration": "",
                            "buffer_past_duration": "",
                            "retention_period_duration": "48h"
                          }
                        ],
                        "snapshot_enabled": "",
                        "writes_to_commitlog": ""
                      }
                    ],
                    "resolution": "",
                    "type": "unaggregated"
                  }
                ],
                "private_access": [],
                "project_to_fork_from": "",
                "public_access": [],
                "rules": [],
                "service_to_fork_from": "",
                "static_ips": ""
              }
            ],
            "maintenance_window_dow": "friday",
            "maintenance_window_time": "22:04:53",
            "plan": "startup-8",
            "project": "tsellers-demo",
            "project_vpc_id": null,
            "service_host": "cloud-expo-metrics-m3db-tsellers-demo.aivencloud.com",
            "service_integrations": [],
            "service_name": "cloud-expo-metrics-m3db",
            "service_password": "AVNS_wTwrXSrmIrEyAPfsOCN",
            "service_port": 18943,
            "service_type": "m3db",
            "service_uri": "https://avnadmin:AVNS_wTwrXSrmIrEyAPfsOCN@cloud-expo-metrics-m3db-tsellers-demo.aivencloud.com:18943",
            "service_username": "avnadmin",
            "state": "RUNNING",
            "static_ips": null,
            "tag": [],
            "termination_protection": false,
            "timeouts": null
          },
          "sensitive_attributes": [],
          "private": "eyJlMmJmYjczMC1lY2FhLTExZTYtOGY4OC0zNDM2M2JjN2M0YzAiOnsiY3JlYXRlIjoxMjAwMDAwMDAwMDAwLCJkZWxldGUiOjEyMDAwMDAwMDAwMDAsInVwZGF0ZSI6MTIwMDAwMDAwMDAwMH19"
        }
      ]
    },
    {
      "mode": "managed",
      "type": "aiven_pg",
      "name": "postgres-service",
      "provider": "provider[\"registry.terraform.io/aiven/aiven\"]",
      "instances": [
        {
          "schema_version": 0,
          "attributes": {
            "additional_disk_space": null,
            "cloud_name": "google-asia-southeast1",
            "components": [
              {
                "component": "pg",
                "host": "cloud-expo-service-pg-tsellers-demo.aivencloud.com",
                "kafka_authentication_method": "",
                "port": 18943,
                "route": "dynamic",
                "ssl": false,
                "usage": "primary"
              },
              {
                "component": "pg",
                "host": "replica-cloud-expo-service-pg-tsellers-demo.aivencloud.com",
                "kafka_authentication_method": "",
                "port": 18943,
                "route": "dynamic",
                "ssl": false,
                "usage": "replica"
              },
              {
                "component": "pgbouncer",
                "host": "cloud-expo-service-pg-tsellers-demo.aivencloud.com",
                "kafka_authentication_method": "",
                "port": 18944,
                "route": "dynamic",
                "ssl": false,
                "usage": "primary"
              },
              {
                "component": "pgbouncer",
                "host": "replica-cloud-expo-service-pg-tsellers-demo.aivencloud.com",
                "kafka_authentication_method": "",
                "port": 18944,
                "route": "dynamic",
                "ssl": false,
                "usage": "replica"
              }
            ],
            "disk_space": null,
            "disk_space_cap": "240GiB",
            "disk_space_default": "80GiB",
            "disk_space_step": "10GiB",
            "disk_space_used": "80GiB",
            "id": "tsellers-demo/cloud-expo-service-pg",
            "maintenance_window_dow": "monday",
            "maintenance_window_time": "16:46:22",
            "pg": [
              {
                "dbname": "defaultdb",
                "host": "34.143.237.97",
                "max_connections": 100,
                "password": "AVNS_VB1C2o9PPeFOeZ4q-ml",
                "port": 18943,
                "replica_uri": "postgres://avnadmin:AVNS_VB1C2o9PPeFOeZ4q-ml@replica-cloud-expo-service-pg-tsellers-demo.aivencloud.com:18943/defaultdb?sslmode=require",
                "sslmode": "require",
                "uri": "postgres://avnadmin:AVNS_VB1C2o9PPeFOeZ4q-ml@34.143.237.97:18943/defaultdb?sslmode=require",
                "user": "avnadmin"
              }
            ],
            "pg_user_config": [
              {
                "admin_password": "",
                "admin_username": "",
                "backup_hour": "5",
                "backup_minute": "25",
                "enable_ipv6": "",
                "ip_filter": [
                  "0.0.0.0/0"
                ],
                "migration": [],
                "pg": [
                  {
                    "autovacuum_analyze_scale_factor": "",
                    "autovacuum_analyze_threshold": "",
                    "autovacuum_freeze_max_age": "",
                    "autovacuum_max_workers": "",
                    "autovacuum_naptime": "",
                    "autovacuum_vacuum_cost_delay": "",
                    "autovacuum_vacuum_cost_limit": "",
                    "autovacuum_vacuum_scale_factor": "",
                    "autovacuum_vacuum_threshold": "",
                    "bgwriter_delay": "",
                    "bgwriter_flush_after": "",
                    "bgwriter_lru_maxpages": "",
                    "bgwriter_lru_multiplier": "",
                    "deadlock_timeout": "",
                    "default_toast_compression": "",
                    "idle_in_transaction_session_timeout": "",
                    "jit": "",
                    "log_autovacuum_min_duration": "",
                    "log_error_verbosity": "",
                    "log_line_prefix": "",
                    "log_min_duration_statement": "",
                    "log_temp_files": "",
                    "max_files_per_process": "",
                    "max_locks_per_transaction": "",
                    "max_logical_replication_workers": "",
                    "max_parallel_workers": "",
                    "max_parallel_workers_per_gather": "",
                    "max_pred_locks_per_transaction": "",
                    "max_prepared_transactions": "",
                    "max_replication_slots": "",
                    "max_slot_wal_keep_size": "",
                    "max_stack_depth": "",
                    "max_standby_archive_delay": "",
                    "max_standby_streaming_delay": "",
                    "max_wal_senders": "",
                    "max_worker_processes": "",
                    "pg_partman_bgw__dot__interval": "",
                    "pg_partman_bgw__dot__role": "",
                    "pg_stat_statements__dot__track": "",
                    "temp_file_limit": "",
                    "timezone": "",
                    "track_activity_query_size": "",
                    "track_commit_timestamp": "",
                    "track_functions": "",
                    "track_io_timing": "",
                    "wal_sender_timeout": "",
                    "wal_writer_delay": ""
                  }
                ],
                "pg_read_replica": "",
                "pg_service_to_fork_from": "",
                "pg_stat_monitor_enable": "false",
                "pg_version": "14",
                "pgbouncer": [],
                "pglookout": [
                  {
                    "max_failover_replication_time_lag": "60"
                  }
                ],
                "private_access": [],
                "privatelink_access": [],
                "project_to_fork_from": "",
                "public_access": [],
                "recovery_target_time": "",
                "service_to_fork_from": "",
                "shared_buffers_percentage": "",
                "static_ips": "",
                "synchronous_replication": "",
                "timescaledb": [],
                "variant": "",
                "work_mem": ""
              }
            ],
            "plan": "business-4",
            "project": "tsellers-demo",
            "project_vpc_id": null,
            "service_host": "cloud-expo-service-pg-tsellers-demo.aivencloud.com",
            "service_integrations": [],
            "service_name": "cloud-expo-service-pg",
            "service_password": "AVNS_VB1C2o9PPeFOeZ4q-ml",
            "service_port": 18943,
            "service_type": "pg",
            "service_uri": "postgres://avnadmin:AVNS_VB1C2o9PPeFOeZ4q-ml@cloud-expo-service-pg-tsellers-demo.aivencloud.com:18943/defaultdb?sslmode=require",
            "service_username": "avnadmin",
            "state": "RUNNING",
            "static_ips": null,
            "tag": [],
            "termination_protection": false,
            "timeouts": null
          },
          "sensitive_attributes": [],
          "private": "eyJlMmJmYjczMC1lY2FhLTExZTYtOGY4OC0zNDM2M2JjN2M0YzAiOnsiY3JlYXRlIjoxMjAwMDAwMDAwMDAwLCJkZWZhdWx0IjozMDAwMDAwMDAwMDAsImRlbGV0ZSI6MTIwMDAwMDAwMDAwMCwicmVhZCI6MzAwMDAwMDAwMDAwLCJ1cGRhdGUiOjEyMDAwMDAwMDAwMDB9fQ=="
        }
      ]
    },
    {
      "mode": "managed",
      "type": "aiven_service_integration",
      "name": "int-grafana-m3db",
      "provider": "provider[\"registry.terraform.io/aiven/aiven\"]",
      "instances": [
        {
          "schema_version": 0,
          "attributes": {
            "datadog_user_config": [],
            "destination_endpoint_id": null,
            "destination_service_name": "cloud-expo-metrics-m3db",
            "id": "tsellers-demo/4248af06-eef4-4962-86a5-7ccf783ca9a8",
            "integration_id": "4248af06-eef4-4962-86a5-7ccf783ca9a8",
            "integration_type": "dashboard",
            "kafka_connect_user_config": [],
            "kafka_logs_user_config": [],
            "kafka_mirrormaker_user_config": [],
            "logs_user_config": [],
            "metrics_user_config": [],
            "project": "tsellers-demo",
            "source_endpoint_id": null,
            "source_service_name": "cloud-expo-metrics-grafana",
            "timeouts": null
          },
          "sensitive_attributes": [],
          "private": "eyJlMmJmYjczMC1lY2FhLTExZTYtOGY4OC0zNDM2M2JjN2M0YzAiOnsiY3JlYXRlIjozMDAwMDAwMDAwMDB9fQ==",
          "dependencies": [
            "aiven_grafana.grafana",
            "aiven_m3db.m3db-metrics"
          ]
        }
      ]
    },
    {
      "mode": "managed",
      "type": "aiven_service_integration",
      "name": "kafka-connect-integration",
      "provider": "provider[\"registry.terraform.io/aiven/aiven\"]",
      "instances": [
        {
          "schema_version": 0,
          "attributes": {
            "datadog_user_config": [],
            "destination_endpoint_id": null,
            "destination_service_name": "cloud-expo-kafka-connect",
            "id": "tsellers-demo/e45855ea-d397-4bdd-805b-423e868c788e",
            "integration_id": "e45855ea-d397-4bdd-805b-423e868c788e",
            "integration_type": "kafka_connect",
            "kafka_connect_user_config": [],
            "kafka_logs_user_config": [],
            "kafka_mirrormaker_user_config": [],
            "logs_user_config": [],
            "metrics_user_config": [],
            "project": "tsellers-demo",
            "source_endpoint_id": null,
            "source_service_name": "cloud-expo-service-kafka",
            "timeouts": null
          },
          "sensitive_attributes": [],
          "private": "eyJlMmJmYjczMC1lY2FhLTExZTYtOGY4OC0zNDM2M2JjN2M0YzAiOnsiY3JlYXRlIjozMDAwMDAwMDAwMDB9fQ==",
          "dependencies": [
            "aiven_kafka.kafka-service",
            "aiven_kafka_connect.kafka-connect-service"
          ]
        }
      ]
    },
    {
      "mode": "managed",
      "type": "aiven_service_integration",
      "name": "kafka-metrics",
      "provider": "provider[\"registry.terraform.io/aiven/aiven\"]",
      "instances": [
        {
          "schema_version": 0,
          "attributes": {
            "datadog_user_config": [],
            "destination_endpoint_id": null,
            "destination_service_name": "cloud-expo-metrics-m3db",
            "id": "tsellers-demo/e65fb9c3-29a5-4af1-b9be-8c9570f7f616",
            "integration_id": "e65fb9c3-29a5-4af1-b9be-8c9570f7f616",
            "integration_type": "metrics",
            "kafka_connect_user_config": [],
            "kafka_logs_user_config": [],
            "kafka_mirrormaker_user_config": [],
            "logs_user_config": [],
            "metrics_user_config": [],
            "project": "tsellers-demo",
            "source_endpoint_id": null,
            "source_service_name": "cloud-expo-service-kafka",
            "timeouts": null
          },
          "sensitive_attributes": [],
          "private": "eyJlMmJmYjczMC1lY2FhLTExZTYtOGY4OC0zNDM2M2JjN2M0YzAiOnsiY3JlYXRlIjozMDAwMDAwMDAwMDB9fQ==",
          "dependencies": [
            "aiven_kafka.kafka-service",
            "aiven_m3db.m3db-metrics"
          ]
        }
      ]
    },
    {
      "mode": "managed",
      "type": "aiven_service_integration",
      "name": "pg-metrics",
      "provider": "provider[\"registry.terraform.io/aiven/aiven\"]",
      "instances": [
        {
          "schema_version": 0,
          "attributes": {
            "datadog_user_config": [],
            "destination_endpoint_id": null,
            "destination_service_name": "cloud-expo-metrics-m3db",
            "id": "tsellers-demo/ae799133-63d3-4af0-9d80-0a2c43773675",
            "integration_id": "ae799133-63d3-4af0-9d80-0a2c43773675",
            "integration_type": "metrics",
            "kafka_connect_user_config": [],
            "kafka_logs_user_config": [],
            "kafka_mirrormaker_user_config": [],
            "logs_user_config": [],
            "metrics_user_config": [],
            "project": "tsellers-demo",
            "source_endpoint_id": null,
            "source_service_name": "cloud-expo-service-pg",
            "timeouts": null
          },
          "sensitive_attributes": [],
          "private": "eyJlMmJmYjczMC1lY2FhLTExZTYtOGY4OC0zNDM2M2JjN2M0YzAiOnsiY3JlYXRlIjozMDAwMDAwMDAwMDB9fQ==",
          "dependencies": [
            "aiven_m3db.m3db-metrics",
            "aiven_pg.postgres-service"
          ]
        }
      ]
    }
  ]
}
