{
  "version": 4,
  "terraform_version": "1.1.9",
  "serial": 38,
  "lineage": "12362167-748b-b30a-f419-b11b82730bb4",
  "outputs": {},
  "resources": [
    {
      "mode": "data",
      "type": "aiven_kafka_user",
      "name": "kafka_admin",
      "provider": "provider[\"registry.terraform.io/aiven/aiven\"]",
      "instances": [
        {
          "schema_version": 0,
          "attributes": {
            "access_cert": "-----BEGIN CERTIFICATE-----\nMIIESjCCArKgAwIBAgIUM2uSO3mBX1cBa3QPnI4hMjTwKyAwDQYJKoZIhvcNAQEM\nBQAwOjE4MDYGA1UEAwwvZGNjNTZkNmEtMjBmMy00MjFlLTljYjEtNGQyNzViZWI3\nNWEwIFByb2plY3QgQ0EwHhcNMjIxMDEwMDk0ODU2WhcNMjUwMTA3MDk0ODU2WjBJ\nMSEwHwYDVQQKDBhjbG91ZC1leHBvLXNlcnZpY2Uta2Fma2ExETAPBgNVBAsMCHU0\ndjBrOXEyMREwDwYDVQQDDAhhdm5hZG1pbjCCAaIwDQYJKoZIhvcNAQEBBQADggGP\nADCCAYoCggGBAMAjZeFYvJ7zaaLz28JhNC1hyHL0i4kprcdMh0JJW5rGJTnH1Mvy\nP7uxBoRbxoo5njZKsYsYUaRKaD9QpwHlVHpfZ3RtmULQ7sdFPrYJAKiiAXpcpsei\nRdmBJ40eh5oLNndkeEGGjZ7S8K4wtnRDKphJXCzamYpQj/zr+xKxguiSjJSoesRl\ncT4WnXrXTS2YizIXw02M38VpqMiPtDrmewZjTc6/r9DzvdRyXJfOZ6DIg9PiP/RX\n1T/VO51q0hVQxvtLVyUV/hjzCspXjYvgLzc09Y6iVlXF7eprDoQ6C/DB/6FL3arH\nqyHgMhO0LH3HON6557HFQ38mX7YH49IDzxmGkPJ0lxny8EGbqkX/woc41ISe8kCE\nz1EPM8B/cktmk3kHOS4pRdHOG8xN1Y6pdb/F3z/++uFZwRT6p+ZxQMzbE1nGHaQ/\naOiT88/g/zXrp4X8rOB1833cSYL5dLtK9hnCoD4I/Qh/2EWWxp7/LkrkZ1s5E8m0\nCF6tKV2y7Ts2MQIDAQABozkwNzAdBgNVHQ4EFgQU0P8TeOwbM8OgGip30iMosYk1\nSg8wCQYDVR0TBAIwADALBgNVHQ8EBAMCBaAwDQYJKoZIhvcNAQEMBQADggGBAKGc\nnht3hN7v7/zwLuP2dlW4ZH1Cgp38vnbmVJGoc4ErVpQfrMNqXI22HAMJHdjED2y7\nslkSK6mhAk95FnmKGComXxNOQ9JPTR5IKqD8Tl2c1uxA55WMsRKC45oEEBHNai+g\nLxoMMOrYAiYhr7iDKojqPpgSXl/Bf5ZL/QIDSZX/zJX1gN/TopdyOU/n6KexGtjP\ng7/iiUa0tJeYc39sj5nt7A3UQtnUPxLNZ7/jVTu4PG0tqSShrDMVLWEx0jdARwnE\n0cK98jGJDlBBysSP3XXyDTUXts6R/Qs9Eh4TgNtYZnbpgT6aBVMWFzu4HDg/jm5X\nNqSfDSL3xTzERM9+eaOq9srp0e9nat3m1P1tyRt3bw7dX8MGU+ytGDsoggqup8fz\nA1tZb5BmsxFGjg8Q8IVGgzrV3WcaTyasee2iSD6PoHx+FNa6xzbhvgF9SzE/r4sh\nEo0ibA/CPSvdWd1lXWscbhrH3IHh4Lbjxua9+LSNU3a408QPGLJ3Hhvjd6gX5w==\n-----END CERTIFICATE-----\n",
            "access_key": "-----BEGIN PRIVATE KEY-----\nMIIG/QIBADANBgkqhkiG9w0BAQEFAASCBucwggbjAgEAAoIBgQDAI2XhWLye82mi\n89vCYTQtYchy9IuJKa3HTIdCSVuaxiU5x9TL8j+7sQaEW8aKOZ42SrGLGFGkSmg/\nUKcB5VR6X2d0bZlC0O7HRT62CQCoogF6XKbHokXZgSeNHoeaCzZ3ZHhBho2e0vCu\nMLZ0QyqYSVws2pmKUI/86/sSsYLokoyUqHrEZXE+Fp16100tmIsyF8NNjN/FaajI\nj7Q65nsGY03Ov6/Q873UclyXzmegyIPT4j/0V9U/1TudatIVUMb7S1clFf4Y8wrK\nV42L4C83NPWOolZVxe3qaw6EOgvwwf+hS92qx6sh4DITtCx9xzjeueexxUN/Jl+2\nB+PSA88ZhpDydJcZ8vBBm6pF/8KHONSEnvJAhM9RDzPAf3JLZpN5BzkuKUXRzhvM\nTdWOqXW/xd8//vrhWcEU+qfmcUDM2xNZxh2kP2jok/PP4P8166eF/KzgdfN93EmC\n+XS7SvYZwqA+CP0If9hFlsae/y5K5GdbORPJtAherSldsu07NjECAwEAAQKCAYBy\nZmEpzHj6NzolgQbO9KtpffgoofxW3c8PhDxgtmbpf6L4hUfpasKR0XRs6GwNLwNJ\nli2iAQfTR05MrIvTsCUde6KQixUe2GHjmhIdtryCq3svzOysnqzyNVlER/I7QQPc\nEKEdeqzl7PjK7kwkaz14UO2l8z5KQW+KC0OBvNmR+nfjp3D5cOD9M9/uHTVhuZrf\nZ5Csov01gJSzXgTUsRh9FDFmsXFQe2ACl1kUNhwzelArn2Gu7YEWMbL+JnURpfbb\nbYG6mueDTWFGsTgNIIqHBsnJMpDcL1OJ2SyaTg8pAjPHB/cPuUFTmi0QC1MgUk0Q\n9MBdvITZxO1Or35t2nbZtz4rkI/cKPNZQii0rsa2+m01251FcUGeB15UbaugJma8\nHOpv+DsDOZCOiPDWw305uV7eMfMGfPsC+MS1dJrZC/y6qNY66CpYztQP9uNd7Y7B\n1PaQ3L8YwlI8E/OfgS2XesS5QEB5qznUIg8rwfPIVVZUd1JJrbX0VKQHVmcnEgEC\ngcEA6tc4vh0ANtUNaEBov7MGmLscJtxJjajtnWYRkgpKJGMUXO8Y51kmUwGV2CpX\nxvJdLXGPb4FUv6B4+PnpEQrYWxA8BMrhICuHhXiQiW/Ek6R0O4V7SVZvNxgIOmy9\nxs2f2YLsIwhFafkquvjDb9UpS+Y71S0xVtD82zYq+8pqlZG0P4W9bAEzL0DBE3b/\neMy7wqUIcUFYoODxfrpcF7tDhWVffgLoYyzSBlccibYLEvwiP8IMvrAskHWwQxJv\n8iKhAoHBANFzNl4FFQO1PWugUFZ50+e+CoE4QzQIj2zTtxlcp447tbfX3S1lXdAg\nOzailuIVH3svcf4l0NR9+cRFxRRZ+8ZXQvrbpalQlllkASYKR0YmZmlHvE3IpZUi\nPOC1FDLQL5OoV1Mbay0Gj4mhVb+sMaa72Lfa2j+AP2M2S9eSTohUlcEhBF3pRLwU\nS9npJAG8//ya1vIDv6bNSDdTapIk8X9moGw5yvibLJ4TblgDL2tO/2BTtP8dPMA0\nuneUrwf5kQKBwED4J++YsF17Fcl4wEIAsluAsGoj2YmCabJ48XV4uUhVzOVlFHu0\nk0C1mJIELOKSXKrc1vTfT+Xv7GfdI9ieKnsPA7vDsQKoaEbJsxsCu9yoy6tH43LH\nod8ZG/Wl7d7ZNlcDvHZ4rFOEJokxl0gSLemcmYMBjLva94lh9ARS3Kfidn54bo45\nysJQ5NmQu17dLTjNVYeXr4BamxUXU7EREr4N7Jw9C7OcS8KLSQ7kOS4YaRVAhywe\nK0YP+SKlMClJ4QKBwHqYTUJLBzncY88TTvLO7FHA0rVAEVXrjMfORGX77bc7C+pH\n15Yytu6TbxVTpa0/X+Xip35y9ADsm71eeTSoVs6JVRMwbY7lNJuuBV4WthFBeMA2\n1OlSgFkCaU+9rczwPmjXKAXlDp6UMIAGhwJh784ANaGn4Ac7Md8IcOwFHyJ9IAqj\nIMM3Ppw35Q3vgLvjvJJGr3mI6CziC1sW4FIafaBsmYm/aiaJ7Vu5U+UAOEk/PAtN\n86s/mceHFX3Y8XphgQKBwQDUizmiYXvUALHHjHGgLPYtsBPVb1SFKWwbkmUmDPDJ\nbMDsY1WVk+hAwASw8UfZz4+ZsI2FQ3OoZSoyPnjmuNJVFWFUXRavybOLXMHCPr1i\no/koMXS7BSnrYwvhkRuA8ivAGKe/OKoJ3U9k9DF/Opp8iPrgmPzW4lL/mnSf3vy3\nqAfg9uWomEzbVZiIu8mN1KJDN90MhOfrNn5Tjt5kujLKg5E0KXLZ1cD7FHVC/ldQ\nh05JLzemLUu0Zt6iZ12WJ38=\n-----END PRIVATE KEY-----\n",
            "id": "tsellers-demo/cloud-expo-service-kafka/avnadmin",
            "password": "AVNS_sq0fNMftVruGjDHjW1p",
            "project": "tsellers-demo",
            "service_name": "cloud-expo-service-kafka",
            "type": "primary",
            "username": "avnadmin"
          },
          "sensitive_attributes": []
        }
      ]
    },
    {
      "mode": "data",
      "type": "aiven_project",
      "name": "demo-project",
      "provider": "provider[\"registry.terraform.io/aiven/aiven\"]",
      "instances": [
        {
          "schema_version": 0,
          "attributes": {
            "account_id": "a2dad8d253c4",
            "add_account_owners_admin_access": null,
            "available_credits": "125.13",
            "billing_group": "588a8e63-fda7-4ff7-9bff-577debfee604",
            "ca_cert": "-----BEGIN CERTIFICATE-----\nMIIEQTCCAqmgAwIBAgIUOobuSYEkBT26F7dobeH+2H1ffuIwDQYJKoZIhvcNAQEM\nBQAwOjE4MDYGA1UEAwwvZGNjNTZkNmEtMjBmMy00MjFlLTljYjEtNGQyNzViZWI3\nNWEwIFByb2plY3QgQ0EwHhcNMjIwNTAzMTMyODUyWhcNMzIwNDMwMTMyODUyWjA6\nMTgwNgYDVQQDDC9kY2M1NmQ2YS0yMGYzLTQyMWUtOWNiMS00ZDI3NWJlYjc1YTAg\nUHJvamVjdCBDQTCCAaIwDQYJKoZIhvcNAQEBBQADggGPADCCAYoCggGBANA2UEFF\ncO/nV63Bhd2hBWHMvofcOu76w/pUY3DBjXYuqxZLjZJiVVokZeIOGHtQoE+g4Bgh\nFKxwScgLuiIymgH1Wqq6hNgbVVkDTkXFmescKDzkiiMCcy/y77t3bsdAqOzGf2Fx\n4h5I3FwwSYI6DGIg7GtBk/K4MF+A2wcT/W4i5TtDtCyrD/9ssSwf+Fe+fXMDxsdH\ncwkfph0pZe6NCqBX8Pfwm/4DncHoRGGeoR7TJEBmRoVdwIXINol6NhmipyxgH2Hi\n+gFHsOnh2lfuQBYbrQ4F6yUG7g1ZB9TWKtQEMEamo74eA3z/GR7pwXXE+iI3rgmx\nY7eMStcv8J3vTxABnbigEgmAoHJ9tZAkmOfwqkrRTMMhoAeMDdja3U5RgKH0XFez\nfLBZWeu5y3P2iy9t9i91SeyyzNN0v3ykuKAFREGu4IJSV3tOAzVHzdidHOLqDCe4\nA9FfEC5W7gW1PsNQ8H/u8NbuE+J9Z+mIq29dbi3wSnLLYTtsFicc1Hy76wIDAQAB\noz8wPTAdBgNVHQ4EFgQUxeF9HIJncOJ+w5jH6doLpiMOxpkwDwYDVR0TBAgwBgEB\n/wIBADALBgNVHQ8EBAMCAQYwDQYJKoZIhvcNAQEMBQADggGBAGZWfy6DOYP4xcMY\nasROs28kXPixJnh8fT8laFtJAKx0wGKhnilyO7JHe736wCo9J5roc/MWeUuXY3sU\n9j/lRWOXbGsmH3XFxeALQjU5gLeyZGRy+uxyUXOFhmDA+HKIZAfzLFOv+4+8Xw6A\n9NPXufD72CbEIC9gN3C41+yaasY+yR+6GI6T6/xAkOOQtjQCTXVaSdk+MuQ1/ewV\nVXE7qnclpK5I2VsekZ0yZzmun//3ZVMFVNb1DPMcuX5nib8NgVzoSLvySyW4Qrxu\ny1BejDIS7uPVt/WD+yfVH+58A5zA7CA7mp3YRsJCu6n2sqeA/2SSoGzEH7RMK3rT\nLExoj4kHpzOHvYisQawjpIHV85JqsVv/6+DxDlP52eboFS80xe9AcLJ6KXF4GLmC\npUxMXM9tVFkiE7bYeJwVcuH0LB5hXyJugizIJPOqNXXkjAEWltqJcQnGCLwkK/+x\nIPlEfar7DSqXSg/PPt7UFjw9y5pcnULWMnUJZ6k2eUi71skqmw==\n-----END CERTIFICATE-----\n",
            "copy_from_project": null,
            "default_cloud": "google-asia-southeast1",
            "estimated_balance": "416.22",
            "id": "tsellers-demo",
            "payment_method": "no_payment_expected",
            "project": "tsellers-demo",
            "tag": [],
            "technical_emails": [
              "troy.sellers@aiven.io"
            ],
            "use_source_project_billing_group": null
          },
          "sensitive_attributes": []
        }
      ]
    },
    {
      "mode": "data",
      "type": "aiven_service_component",
      "name": "schema_registry",
      "provider": "provider[\"registry.terraform.io/aiven/aiven\"]",
      "instances": [
        {
          "schema_version": 0,
          "attributes": {
            "component": "schema_registry",
            "host": "cloud-expo-service-kafka-tsellers-demo.aivencloud.com",
            "id": "cloud-expo-service-kafka-tsellers-demo.aivencloud.com/18943",
            "kafka_authentication_method": "",
            "port": 18943,
            "project": "tsellers-demo",
            "route": "dynamic",
            "service_name": "cloud-expo-service-kafka",
            "ssl": null,
            "usage": "primary"
          },
          "sensitive_attributes": []
        }
      ]
    },
    {
      "mode": "managed",
      "type": "aiven_clickhouse",
      "name": "clickhouse",
      "provider": "provider[\"registry.terraform.io/aiven/aiven\"]",
      "instances": [
        {
          "schema_version": 0,
          "attributes": {
            "additional_disk_space": null,
            "clickhouse": [
              {}
            ],
            "clickhouse_user_config": [
              {
                "ip_filter": [
                  "0.0.0.0/0"
                ],
                "project_to_fork_from": "",
                "service_to_fork_from": ""
              }
            ],
            "cloud_name": "google-asia-southeast1",
            "components": [
              {
                "component": "clickhouse",
                "host": "cloud-expo-clickhouse-tsellers-demo.aivencloud.com",
                "kafka_authentication_method": "",
                "port": 18943,
                "route": "dynamic",
                "ssl": false,
                "usage": "primary"
              },
              {
                "component": "clickhouse_https",
                "host": "cloud-expo-clickhouse-tsellers-demo.aivencloud.com",
                "kafka_authentication_method": "",
                "port": 18944,
                "route": "dynamic",
                "ssl": false,
                "usage": "primary"
              }
            ],
            "disk_space": null,
            "disk_space_cap": "0B",
            "disk_space_default": "439GiB",
            "disk_space_step": "0B",
            "disk_space_used": "439GiB",
            "id": "tsellers-demo/cloud-expo-clickhouse",
            "maintenance_window_dow": "monday",
            "maintenance_window_time": "10:00:00",
            "plan": "startup-beta-8",
            "project": "tsellers-demo",
            "project_vpc_id": null,
            "service_host": "cloud-expo-clickhouse-tsellers-demo.aivencloud.com",
            "service_integrations": [],
            "service_name": "cloud-expo-clickhouse",
            "service_password": "AVNS_yJNlXPcC80GxxNuOeyt",
            "service_port": 18943,
            "service_type": "clickhouse",
            "service_uri": "cloud-expo-clickhouse-tsellers-demo.aivencloud.com:18943",
            "service_username": "avnadmin",
            "state": "RUNNING",
            "static_ips": null,
            "tag": [],
            "termination_protection": false,
            "timeouts": null
          },
          "sensitive_attributes": [],
          "private": "eyJlMmJmYjczMC1lY2FhLTExZTYtOGY4OC0zNDM2M2JjN2M0YzAiOnsiY3JlYXRlIjoxMjAwMDAwMDAwMDAwLCJkZWxldGUiOjEyMDAwMDAwMDAwMDAsInVwZGF0ZSI6MTIwMDAwMDAwMDAwMH19"
        }
      ]
    },
    {
      "mode": "managed",
      "type": "aiven_grafana",
      "name": "grafana",
      "provider": "provider[\"registry.terraform.io/aiven/aiven\"]",
      "instances": [
        {
          "schema_version": 0,
          "attributes": {
            "additional_disk_space": null,
            "cloud_name": "google-asia-southeast1",
            "components": [
              {
                "component": "grafana",
                "host": "cloud-expo-metrics-grafana-tsellers-demo.aivencloud.com",
                "kafka_authentication_method": "",
                "port": 443,
                "route": "dynamic",
                "ssl": false,
                "usage": "primary"
              }
            ],
            "disk_space": null,
            "disk_space_cap": "0B",
            "disk_space_default": "0B",
            "disk_space_step": "0B",
            "disk_space_used": "0B",
            "grafana": [
              {}
            ],
            "grafana_user_config": [
              {
                "alerting_enabled": "",
                "alerting_error_or_timeout": "",
                "alerting_max_annotations_to_keep": "",
                "alerting_nodata_or_nullvalues": "",
                "allow_embedding": "",
                "auth_azuread": [],
                "auth_basic_enabled": "",
                "auth_generic_oauth": [],
                "auth_github": [],
                "auth_gitlab": [],
                "auth_google": [],
                "cookie_samesite": "",
                "custom_domain": "",
                "dashboards_min_refresh_interval": "",
                "dashboards_versions_to_keep": "",
                "dataproxy_send_user_header": "",
                "dataproxy_timeout": "",
                "date_formats": [],
                "disable_gravatar": "",
                "editors_can_admin": "",
                "external_image_storage": [],
                "google_analytics_ua_id": "",
                "ip_filter": [
                  "0.0.0.0/0"
                ],
                "metrics_enabled": "",
                "private_access": [],
                "privatelink_access": [],
                "project_to_fork_from": "",
                "public_access": [],
                "recovery_basebackup_name": "",
                "service_to_fork_from": "",
                "smtp_server": [],
                "static_ips": "",
                "user_auto_assign_org": "",
                "user_auto_assign_org_role": "",
                "viewers_can_edit": ""
              }
            ],
            "id": "tsellers-demo/cloud-expo-metrics-grafana",
            "maintenance_window_dow": "sunday",
            "maintenance_window_time": "07:32:34",
            "plan": "startup-4",
            "project": "tsellers-demo",
            "project_vpc_id": null,
            "service_host": "cloud-expo-metrics-grafana-tsellers-demo.aivencloud.com",
            "service_integrations": [],
            "service_name": "cloud-expo-metrics-grafana",
            "service_password": "AVNS_Ps7ENwt08_OvjEOKNah",
            "service_port": 443,
            "service_type": "grafana",
            "service_uri": "https://cloud-expo-metrics-grafana-tsellers-demo.aivencloud.com:443",
            "service_username": "avnadmin",
            "state": "RUNNING",
            "static_ips": null,
            "tag": [],
            "termination_protection": false,
            "timeouts": null
          },
          "sensitive_attributes": [],
          "private": "eyJlMmJmYjczMC1lY2FhLTExZTYtOGY4OC0zNDM2M2JjN2M0YzAiOnsiY3JlYXRlIjoxMjAwMDAwMDAwMDAwLCJkZWxldGUiOjEyMDAwMDAwMDAwMDAsInVwZGF0ZSI6MTIwMDAwMDAwMDAwMH19"
        }
      ]
    },
    {
      "mode": "managed",
      "type": "aiven_kafka",
      "name": "kafka-service",
      "provider": "provider[\"registry.terraform.io/aiven/aiven\"]",
      "instances": [
        {
          "schema_version": 0,
          "attributes": {
            "additional_disk_space": null,
            "cloud_name": "google-asia-southeast1",
            "components": [
              {
                "component": "kafka",
                "host": "cloud-expo-service-kafka-tsellers-demo.aivencloud.com",
                "kafka_authentication_method": "",
                "port": 18945,
                "route": "dynamic",
                "ssl": false,
                "usage": "primary"
              },
              {
                "component": "kafka_connect",
                "host": "cloud-expo-service-kafka-tsellers-demo.aivencloud.com",
                "kafka_authentication_method": "",
                "port": 18943,
                "route": "dynamic",
                "ssl": false,
                "usage": "primary"
              },
              {
                "component": "kafka_rest",
                "host": "cloud-expo-service-kafka-tsellers-demo.aivencloud.com",
                "kafka_authentication_method": "",
                "port": 18947,
                "route": "dynamic",
                "ssl": false,
                "usage": "primary"
              },
              {
                "component": "schema_registry",
                "host": "cloud-expo-service-kafka-tsellers-demo.aivencloud.com",
                "kafka_authentication_method": "",
                "port": 18948,
                "route": "dynamic",
                "ssl": false,
                "usage": "primary"
              }
            ],
            "default_acl": true,
            "disk_space": null,
            "disk_space_cap": "1800GiB",
            "disk_space_default": "600GiB",
            "disk_space_step": "30GiB",
            "disk_space_used": "600GiB",
            "id": "tsellers-demo/cloud-expo-service-kafka",
            "kafka": [
              {
                "access_cert": "-----BEGIN CERTIFICATE-----\nMIIESjCCArKgAwIBAgIUM2uSO3mBX1cBa3QPnI4hMjTwKyAwDQYJKoZIhvcNAQEM\nBQAwOjE4MDYGA1UEAwwvZGNjNTZkNmEtMjBmMy00MjFlLTljYjEtNGQyNzViZWI3\nNWEwIFByb2plY3QgQ0EwHhcNMjIxMDEwMDk0ODU2WhcNMjUwMTA3MDk0ODU2WjBJ\nMSEwHwYDVQQKDBhjbG91ZC1leHBvLXNlcnZpY2Uta2Fma2ExETAPBgNVBAsMCHU0\ndjBrOXEyMREwDwYDVQQDDAhhdm5hZG1pbjCCAaIwDQYJKoZIhvcNAQEBBQADggGP\nADCCAYoCggGBAMAjZeFYvJ7zaaLz28JhNC1hyHL0i4kprcdMh0JJW5rGJTnH1Mvy\nP7uxBoRbxoo5njZKsYsYUaRKaD9QpwHlVHpfZ3RtmULQ7sdFPrYJAKiiAXpcpsei\nRdmBJ40eh5oLNndkeEGGjZ7S8K4wtnRDKphJXCzamYpQj/zr+xKxguiSjJSoesRl\ncT4WnXrXTS2YizIXw02M38VpqMiPtDrmewZjTc6/r9DzvdRyXJfOZ6DIg9PiP/RX\n1T/VO51q0hVQxvtLVyUV/hjzCspXjYvgLzc09Y6iVlXF7eprDoQ6C/DB/6FL3arH\nqyHgMhO0LH3HON6557HFQ38mX7YH49IDzxmGkPJ0lxny8EGbqkX/woc41ISe8kCE\nz1EPM8B/cktmk3kHOS4pRdHOG8xN1Y6pdb/F3z/++uFZwRT6p+ZxQMzbE1nGHaQ/\naOiT88/g/zXrp4X8rOB1833cSYL5dLtK9hnCoD4I/Qh/2EWWxp7/LkrkZ1s5E8m0\nCF6tKV2y7Ts2MQIDAQABozkwNzAdBgNVHQ4EFgQU0P8TeOwbM8OgGip30iMosYk1\nSg8wCQYDVR0TBAIwADALBgNVHQ8EBAMCBaAwDQYJKoZIhvcNAQEMBQADggGBAKGc\nnht3hN7v7/zwLuP2dlW4ZH1Cgp38vnbmVJGoc4ErVpQfrMNqXI22HAMJHdjED2y7\nslkSK6mhAk95FnmKGComXxNOQ9JPTR5IKqD8Tl2c1uxA55WMsRKC45oEEBHNai+g\nLxoMMOrYAiYhr7iDKojqPpgSXl/Bf5ZL/QIDSZX/zJX1gN/TopdyOU/n6KexGtjP\ng7/iiUa0tJeYc39sj5nt7A3UQtnUPxLNZ7/jVTu4PG0tqSShrDMVLWEx0jdARwnE\n0cK98jGJDlBBysSP3XXyDTUXts6R/Qs9Eh4TgNtYZnbpgT6aBVMWFzu4HDg/jm5X\nNqSfDSL3xTzERM9+eaOq9srp0e9nat3m1P1tyRt3bw7dX8MGU+ytGDsoggqup8fz\nA1tZb5BmsxFGjg8Q8IVGgzrV3WcaTyasee2iSD6PoHx+FNa6xzbhvgF9SzE/r4sh\nEo0ibA/CPSvdWd1lXWscbhrH3IHh4Lbjxua9+LSNU3a408QPGLJ3Hhvjd6gX5w==\n-----END CERTIFICATE-----\n",
                "access_key": "-----BEGIN PRIVATE KEY-----\nMIIG/QIBADANBgkqhkiG9w0BAQEFAASCBucwggbjAgEAAoIBgQDAI2XhWLye82mi\n89vCYTQtYchy9IuJKa3HTIdCSVuaxiU5x9TL8j+7sQaEW8aKOZ42SrGLGFGkSmg/\nUKcB5VR6X2d0bZlC0O7HRT62CQCoogF6XKbHokXZgSeNHoeaCzZ3ZHhBho2e0vCu\nMLZ0QyqYSVws2pmKUI/86/sSsYLokoyUqHrEZXE+Fp16100tmIsyF8NNjN/FaajI\nj7Q65nsGY03Ov6/Q873UclyXzmegyIPT4j/0V9U/1TudatIVUMb7S1clFf4Y8wrK\nV42L4C83NPWOolZVxe3qaw6EOgvwwf+hS92qx6sh4DITtCx9xzjeueexxUN/Jl+2\nB+PSA88ZhpDydJcZ8vBBm6pF/8KHONSEnvJAhM9RDzPAf3JLZpN5BzkuKUXRzhvM\nTdWOqXW/xd8//vrhWcEU+qfmcUDM2xNZxh2kP2jok/PP4P8166eF/KzgdfN93EmC\n+XS7SvYZwqA+CP0If9hFlsae/y5K5GdbORPJtAherSldsu07NjECAwEAAQKCAYBy\nZmEpzHj6NzolgQbO9KtpffgoofxW3c8PhDxgtmbpf6L4hUfpasKR0XRs6GwNLwNJ\nli2iAQfTR05MrIvTsCUde6KQixUe2GHjmhIdtryCq3svzOysnqzyNVlER/I7QQPc\nEKEdeqzl7PjK7kwkaz14UO2l8z5KQW+KC0OBvNmR+nfjp3D5cOD9M9/uHTVhuZrf\nZ5Csov01gJSzXgTUsRh9FDFmsXFQe2ACl1kUNhwzelArn2Gu7YEWMbL+JnURpfbb\nbYG6mueDTWFGsTgNIIqHBsnJMpDcL1OJ2SyaTg8pAjPHB/cPuUFTmi0QC1MgUk0Q\n9MBdvITZxO1Or35t2nbZtz4rkI/cKPNZQii0rsa2+m01251FcUGeB15UbaugJma8\nHOpv+DsDOZCOiPDWw305uV7eMfMGfPsC+MS1dJrZC/y6qNY66CpYztQP9uNd7Y7B\n1PaQ3L8YwlI8E/OfgS2XesS5QEB5qznUIg8rwfPIVVZUd1JJrbX0VKQHVmcnEgEC\ngcEA6tc4vh0ANtUNaEBov7MGmLscJtxJjajtnWYRkgpKJGMUXO8Y51kmUwGV2CpX\nxvJdLXGPb4FUv6B4+PnpEQrYWxA8BMrhICuHhXiQiW/Ek6R0O4V7SVZvNxgIOmy9\nxs2f2YLsIwhFafkquvjDb9UpS+Y71S0xVtD82zYq+8pqlZG0P4W9bAEzL0DBE3b/\neMy7wqUIcUFYoODxfrpcF7tDhWVffgLoYyzSBlccibYLEvwiP8IMvrAskHWwQxJv\n8iKhAoHBANFzNl4FFQO1PWugUFZ50+e+CoE4QzQIj2zTtxlcp447tbfX3S1lXdAg\nOzailuIVH3svcf4l0NR9+cRFxRRZ+8ZXQvrbpalQlllkASYKR0YmZmlHvE3IpZUi\nPOC1FDLQL5OoV1Mbay0Gj4mhVb+sMaa72Lfa2j+AP2M2S9eSTohUlcEhBF3pRLwU\nS9npJAG8//ya1vIDv6bNSDdTapIk8X9moGw5yvibLJ4TblgDL2tO/2BTtP8dPMA0\nuneUrwf5kQKBwED4J++YsF17Fcl4wEIAsluAsGoj2YmCabJ48XV4uUhVzOVlFHu0\nk0C1mJIELOKSXKrc1vTfT+Xv7GfdI9ieKnsPA7vDsQKoaEbJsxsCu9yoy6tH43LH\nod8ZG/Wl7d7ZNlcDvHZ4rFOEJokxl0gSLemcmYMBjLva94lh9ARS3Kfidn54bo45\nysJQ5NmQu17dLTjNVYeXr4BamxUXU7EREr4N7Jw9C7OcS8KLSQ7kOS4YaRVAhywe\nK0YP+SKlMClJ4QKBwHqYTUJLBzncY88TTvLO7FHA0rVAEVXrjMfORGX77bc7C+pH\n15Yytu6TbxVTpa0/X+Xip35y9ADsm71eeTSoVs6JVRMwbY7lNJuuBV4WthFBeMA2\n1OlSgFkCaU+9rczwPmjXKAXlDp6UMIAGhwJh784ANaGn4Ac7Md8IcOwFHyJ9IAqj\nIMM3Ppw35Q3vgLvjvJJGr3mI6CziC1sW4FIafaBsmYm/aiaJ7Vu5U+UAOEk/PAtN\n86s/mceHFX3Y8XphgQKBwQDUizmiYXvUALHHjHGgLPYtsBPVb1SFKWwbkmUmDPDJ\nbMDsY1WVk+hAwASw8UfZz4+ZsI2FQ3OoZSoyPnjmuNJVFWFUXRavybOLXMHCPr1i\no/koMXS7BSnrYwvhkRuA8ivAGKe/OKoJ3U9k9DF/Opp8iPrgmPzW4lL/mnSf3vy3\nqAfg9uWomEzbVZiIu8mN1KJDN90MhOfrNn5Tjt5kujLKg5E0KXLZ1cD7FHVC/ldQ\nh05JLzemLUu0Zt6iZ12WJ38=\n-----END PRIVATE KEY-----\n",
                "connect_uri": "https://avnadmin:AVNS_iq6XvPSnFKlVx237NLz@cloud-expo-service-kafka-tsellers-demo.aivencloud.com:18943",
                "rest_uri": "https://avnadmin:AVNS_sq0fNMftVruGjDHjW1p@cloud-expo-service-kafka-tsellers-demo.aivencloud.com:18947",
                "schema_registry_uri": "https://avnadmin:AVNS_sq0fNMftVruGjDHjW1p@cloud-expo-service-kafka-tsellers-demo.aivencloud.com:18948"
              }
            ],
            "kafka_user_config": [
              {
                "custom_domain": "",
                "ip_filter": [
                  "0.0.0.0/0"
                ],
                "kafka": [
                  {
                    "auto_create_topics_enable": "true",
                    "compression_type": "",
                    "connections_max_idle_ms": "",
                    "default_replication_factor": "",
                    "group_initial_rebalance_delay_ms": "",
                    "group_max_session_timeout_ms": "",
                    "group_min_session_timeout_ms": "",
                    "log_cleaner_delete_retention_ms": "",
                    "log_cleaner_max_compaction_lag_ms": "",
                    "log_cleaner_min_cleanable_ratio": "",
                    "log_cleaner_min_compaction_lag_ms": "",
                    "log_cleanup_policy": "",
                    "log_flush_interval_messages": "",
                    "log_flush_interval_ms": "",
                    "log_index_interval_bytes": "",
                    "log_index_size_max_bytes": "",
                    "log_message_downconversion_enable": "",
                    "log_message_timestamp_difference_max_ms": "",
                    "log_message_timestamp_type": "",
                    "log_preallocate": "",
                    "log_retention_bytes": "",
                    "log_retention_hours": "",
                    "log_retention_ms": "",
                    "log_roll_jitter_ms": "",
                    "log_roll_ms": "",
                    "log_segment_bytes": "",
                    "log_segment_delete_delay_ms": "",
                    "max_connections_per_ip": "",
                    "max_incremental_fetch_session_cache_slots": "",
                    "message_max_bytes": "",
                    "min_insync_replicas": "",
                    "num_partitions": "",
                    "offsets_retention_minutes": "",
                    "producer_purgatory_purge_interval_requests": "",
                    "replica_fetch_max_bytes": "",
                    "replica_fetch_response_max_bytes": "",
                    "socket_request_max_bytes": "",
                    "transaction_remove_expired_transaction_cleanup_interval_ms": "",
                    "transaction_state_log_segment_bytes": ""
                  }
                ],
                "kafka_authentication_methods": [
                  {
                    "certificate": "true",
                    "sasl": "false"
                  }
                ],
                "kafka_connect": "true",
                "kafka_connect_config": [],
                "kafka_rest": "true",
                "kafka_rest_config": [],
                "kafka_version": "3.2",
                "private_access": [],
                "privatelink_access": [],
                "public_access": [],
                "schema_registry": "true",
                "schema_registry_config": [],
                "static_ips": ""
              }
            ],
            "karapace": null,
            "maintenance_window_dow": "monday",
            "maintenance_window_time": "10:00:00",
            "plan": "business-4",
            "project": "tsellers-demo",
            "project_vpc_id": null,
            "service_host": "cloud-expo-service-kafka-tsellers-demo.aivencloud.com",
            "service_integrations": [],
            "service_name": "cloud-expo-service-kafka",
            "service_password": "AVNS_sq0fNMftVruGjDHjW1p",
            "service_port": 18945,
            "service_type": "kafka",
            "service_uri": "cloud-expo-service-kafka-tsellers-demo.aivencloud.com:18945",
            "service_username": "avnadmin",
            "state": "RUNNING",
            "static_ips": null,
            "tag": [],
            "termination_protection": false,
            "timeouts": null
          },
          "sensitive_attributes": [],
          "private": "eyJlMmJmYjczMC1lY2FhLTExZTYtOGY4OC0zNDM2M2JjN2M0YzAiOnsiY3JlYXRlIjoxMjAwMDAwMDAwMDAwLCJkZWxldGUiOjEyMDAwMDAwMDAwMDAsInVwZGF0ZSI6MTIwMDAwMDAwMDAwMH19"
        }
      ]
    },
    {
      "mode": "managed",
      "type": "aiven_kafka_connect",
      "name": "kafka-connect-service",
      "provider": "provider[\"registry.terraform.io/aiven/aiven\"]",
      "instances": [
        {
          "schema_version": 0,
          "attributes": {
            "additional_disk_space": null,
            "cloud_name": "google-asia-southeast1",
            "components": [
              {
                "component": "kafka_connect",
                "host": "cloud-expo-kafka-connect-tsellers-demo.aivencloud.com",
                "kafka_authentication_method": "",
                "port": 443,
                "route": "dynamic",
                "ssl": false,
                "usage": "primary"
              },
              {
                "component": "kafka_connect",
                "host": "public-cloud-expo-kafka-connect-tsellers-demo.aivencloud.com",
                "kafka_authentication_method": "",
                "port": 443,
                "route": "public",
                "ssl": false,
                "usage": "primary"
              }
            ],
            "disk_space": null,
            "disk_space_cap": "0B",
            "disk_space_default": "0B",
            "disk_space_step": "0B",
            "disk_space_used": "0B",
            "id": "tsellers-demo/cloud-expo-kafka-connect",
            "kafka_connect": [
              {}
            ],
            "kafka_connect_user_config": [
              {
                "ip_filter": [
                  "0.0.0.0/0"
                ],
                "kafka_connect": [
                  {
                    "connector_client_config_override_policy": "",
                    "consumer_auto_offset_reset": "",
                    "consumer_fetch_max_bytes": "",
                    "consumer_isolation_level": "read_committed",
                    "consumer_max_partition_fetch_bytes": "",
                    "consumer_max_poll_interval_ms": "",
                    "consumer_max_poll_records": "",
                    "offset_flush_interval_ms": "",
                    "offset_flush_timeout_ms": "",
                    "producer_compression_type": "",
                    "producer_max_request_size": "",
                    "session_timeout_ms": ""
                  }
                ],
                "private_access": [],
                "privatelink_access": [],
                "public_access": [
                  {
                    "kafka_connect": "true",
                    "prometheus": ""
                  }
                ],
                "static_ips": ""
              }
            ],
            "maintenance_window_dow": "sunday",
            "maintenance_window_time": "10:00:00",
            "plan": "business-4",
            "project": "tsellers-demo",
            "project_vpc_id": null,
            "service_host": "cloud-expo-kafka-connect-tsellers-demo.aivencloud.com",
            "service_integrations": [],
            "service_name": "cloud-expo-kafka-connect",
            "service_password": "AVNS_GaG9Vqj_Zg694MYWAB1",
            "service_port": 443,
            "service_type": "kafka_connect",
            "service_uri": "https://avnadmin:AVNS_GaG9Vqj_Zg694MYWAB1@cloud-expo-kafka-connect-tsellers-demo.aivencloud.com:443",
            "service_username": "avnadmin",
            "state": "RUNNING",
            "static_ips": null,
            "tag": [],
            "termination_protection": false,
            "timeouts": null
          },
          "sensitive_attributes": [],
          "private": "eyJlMmJmYjczMC1lY2FhLTExZTYtOGY4OC0zNDM2M2JjN2M0YzAiOnsiY3JlYXRlIjoxMjAwMDAwMDAwMDAwLCJkZWxldGUiOjEyMDAwMDAwMDAwMDAsInVwZGF0ZSI6MTIwMDAwMDAwMDAwMH19",
          "dependencies": [
            "aiven_kafka.kafka-service"
          ]
        }
      ]
    },
    {
      "mode": "managed",
      "type": "aiven_kafka_connector",
      "name": "kafka-pg-source-conn",
      "provider": "provider[\"registry.terraform.io/aiven/aiven\"]",
      "instances": [
        {
          "schema_version": 0,
          "attributes": {
            "config": {
              "connector.class": "io.debezium.connector.postgresql.PostgresConnector",
              "database.dbname": "defaultdb",
              "database.hostname": "cloud-expo-service-pg-tsellers-demo.aivencloud.com",
              "database.password": "AVNS_CG2Tsi0QxBaF3KSaksI",
              "database.port": "18943",
              "database.server.name": "cloud-expo-service-pg",
              "database.sslmode": "require",
              "database.user": "avnadmin",
              "key.converter": "org.apache.kafka.connect.storage.StringConverter",
              "key.converter.schemas.enable": "false",
              "name": "kafka-pg-source-conn",
              "plugin.name": "pgoutput",
              "publication.name": "debezium_publication",
              "slot.name": "debezium",
              "tasks.max": "1",
              "transforms": "flatten",
              "transforms.flatten.delimiter": ".",
              "transforms.flatten.type": "org.apache.kafka.connect.transforms.Flatten$Value",
              "value.converter": "org.apache.kafka.connect.json.JsonConverter",
              "value.converter.schemas.enable": "false"
            },
            "connector_name": "kafka-pg-source-conn",
            "id": "tsellers-demo/cloud-expo-kafka-connect/kafka-pg-source-conn",
            "plugin_author": "Debezium",
            "plugin_class": "io.debezium.connector.postgresql.PostgresConnector",
            "plugin_doc_url": "https://debezium.io/docs/connectors/postgresql/",
            "plugin_title": "Debezium - PostgreSQL",
            "plugin_type": "source",
            "plugin_version": "1.9.5.Final",
            "project": "tsellers-demo",
            "service_name": "cloud-expo-kafka-connect",
            "task": [
              {
                "connector": "kafka-pg-source-conn",
                "task": 0
              }
            ],
            "timeouts": null
          },
          "sensitive_attributes": [
            [
              {
                "type": "get_attr",
                "value": "config"
              },
              {
                "type": "index",
                "value": {
                  "value": "database.password",
                  "type": "string"
                }
              }
            ]
          ],
          "private": "eyJlMmJmYjczMC1lY2FhLTExZTYtOGY4OC0zNDM2M2JjN2M0YzAiOnsicmVhZCI6MTIwMDAwMDAwMDAwfX0=",
          "dependencies": [
            "aiven_kafka.kafka-service",
            "aiven_kafka_connect.kafka-connect-service",
            "aiven_pg.postgres-service",
            "aiven_service_integration.kafka-connect-integration"
          ]
        }
      ]
    },
    {
      "mode": "managed",
      "type": "aiven_m3db",
      "name": "m3db-metrics",
      "provider": "provider[\"registry.terraform.io/aiven/aiven\"]",
      "instances": [
        {
          "schema_version": 0,
          "attributes": {
            "additional_disk_space": null,
            "cloud_name": "google-asia-southeast1",
            "components": [
              {
                "component": "m3coordinator",
                "host": "cloud-expo-metrics-m3db-tsellers-demo.aivencloud.com",
                "kafka_authentication_method": "",
                "port": 18943,
                "route": "dynamic",
                "ssl": false,
                "usage": "primary"
              },
              {
                "component": "m3coordinator_influxdb",
                "host": "cloud-expo-metrics-m3db-tsellers-demo.aivencloud.com",
                "kafka_authentication_method": "",
                "port": 18943,
                "route": "dynamic",
                "ssl": false,
                "usage": "primary"
              },
              {
                "component": "m3coordinator_prom_remote_read",
                "host": "cloud-expo-metrics-m3db-tsellers-demo.aivencloud.com",
                "kafka_authentication_method": "",
                "port": 18943,
                "route": "dynamic",
                "ssl": false,
                "usage": "primary"
              },
              {
                "component": "m3coordinator_prom_remote_write",
                "host": "cloud-expo-metrics-m3db-tsellers-demo.aivencloud.com",
                "kafka_authentication_method": "",
                "port": 18943,
                "route": "dynamic",
                "ssl": false,
                "usage": "primary"
              },
              {
                "component": "m3coordinator_graphite_render_json",
                "host": "cloud-expo-metrics-m3db-tsellers-demo.aivencloud.com",
                "kafka_authentication_method": "",
                "port": 18943,
                "route": "dynamic",
                "ssl": false,
                "usage": "primary"
              }
            ],
            "disk_space": null,
            "disk_space_cap": "450GiB",
            "disk_space_default": "150GiB",
            "disk_space_step": "10GiB",
            "disk_space_used": "150GiB",
            "id": "tsellers-demo/cloud-expo-metrics-m3db",
            "m3db": [
              {}
            ],
            "m3db_user_config": [
              {
                "custom_domain": "",
                "ip_filter": [
                  "0.0.0.0/0"
                ],
                "limits": [],
                "m3_version": "",
                "m3coordinator_enable_graphite_carbon_ingest": "",
                "m3db_version": "1.1",
                "namespaces": [
                  {
                    "name": "default",
                    "options": [
                      {
                        "retention_options": [
                          {
                            "block_data_expiry_duration": "",
                            "blocksize_duration": "2h",
                            "buffer_future_duration": "",
                            "buffer_past_duration": "",
                            "retention_period_duration": "48h"
                          }
                        ],
                        "snapshot_enabled": "",
                        "writes_to_commitlog": ""
                      }
                    ],
                    "resolution": "",
                    "type": "unaggregated"
                  }
                ],
                "private_access": [],
                "project_to_fork_from": "",
                "public_access": [],
                "rules": [],
                "service_to_fork_from": "",
                "static_ips": ""
              }
            ],
            "maintenance_window_dow": "friday",
            "maintenance_window_time": "21:13:32",
            "plan": "startup-8",
            "project": "tsellers-demo",
            "project_vpc_id": null,
            "service_host": "cloud-expo-metrics-m3db-tsellers-demo.aivencloud.com",
            "service_integrations": [],
            "service_name": "cloud-expo-metrics-m3db",
            "service_password": "AVNS_vcgScdYUYMz4lTEao5U",
            "service_port": 18943,
            "service_type": "m3db",
            "service_uri": "https://avnadmin:AVNS_vcgScdYUYMz4lTEao5U@cloud-expo-metrics-m3db-tsellers-demo.aivencloud.com:18943",
            "service_username": "avnadmin",
            "state": "RUNNING",
            "static_ips": null,
            "tag": [],
            "termination_protection": false,
            "timeouts": null
          },
          "sensitive_attributes": [],
          "private": "eyJlMmJmYjczMC1lY2FhLTExZTYtOGY4OC0zNDM2M2JjN2M0YzAiOnsiY3JlYXRlIjoxMjAwMDAwMDAwMDAwLCJkZWxldGUiOjEyMDAwMDAwMDAwMDAsInVwZGF0ZSI6MTIwMDAwMDAwMDAwMH19"
        }
      ]
    },
    {
      "mode": "managed",
      "type": "aiven_pg",
      "name": "postgres-service",
      "provider": "provider[\"registry.terraform.io/aiven/aiven\"]",
      "instances": [
        {
          "schema_version": 0,
          "attributes": {
            "additional_disk_space": null,
            "cloud_name": "google-asia-southeast1",
            "components": [
              {
                "component": "pg",
                "host": "cloud-expo-service-pg-tsellers-demo.aivencloud.com",
                "kafka_authentication_method": "",
                "port": 18943,
                "route": "dynamic",
                "ssl": false,
                "usage": "primary"
              },
              {
                "component": "pg",
                "host": "replica-cloud-expo-service-pg-tsellers-demo.aivencloud.com",
                "kafka_authentication_method": "",
                "port": 18943,
                "route": "dynamic",
                "ssl": false,
                "usage": "replica"
              },
              {
                "component": "pgbouncer",
                "host": "cloud-expo-service-pg-tsellers-demo.aivencloud.com",
                "kafka_authentication_method": "",
                "port": 18944,
                "route": "dynamic",
                "ssl": false,
                "usage": "primary"
              },
              {
                "component": "pgbouncer",
                "host": "replica-cloud-expo-service-pg-tsellers-demo.aivencloud.com",
                "kafka_authentication_method": "",
                "port": 18944,
                "route": "dynamic",
                "ssl": false,
                "usage": "replica"
              }
            ],
            "disk_space": null,
            "disk_space_cap": "240GiB",
            "disk_space_default": "80GiB",
            "disk_space_step": "10GiB",
            "disk_space_used": "80GiB",
            "id": "tsellers-demo/cloud-expo-service-pg",
            "maintenance_window_dow": "thursday",
            "maintenance_window_time": "22:16:57",
            "pg": [
              {
                "dbname": "defaultdb",
                "host": "34.143.209.63",
                "max_connections": 100,
                "password": "AVNS_CG2Tsi0QxBaF3KSaksI",
                "port": 18943,
                "replica_uri": "postgres://avnadmin:AVNS_CG2Tsi0QxBaF3KSaksI@replica-cloud-expo-service-pg-tsellers-demo.aivencloud.com:18943/defaultdb?sslmode=require",
                "sslmode": "require",
                "uri": "postgres://avnadmin:AVNS_CG2Tsi0QxBaF3KSaksI@34.143.209.63:18943/defaultdb?sslmode=require",
                "user": "avnadmin"
              }
            ],
            "pg_user_config": [
              {
                "admin_password": "",
                "admin_username": "",
                "backup_hour": "9",
                "backup_minute": "31",
                "enable_ipv6": "",
                "ip_filter": [
                  "0.0.0.0/0"
                ],
                "migration": [],
                "pg": [
                  {
                    "autovacuum_analyze_scale_factor": "",
                    "autovacuum_analyze_threshold": "",
                    "autovacuum_freeze_max_age": "",
                    "autovacuum_max_workers": "",
                    "autovacuum_naptime": "",
                    "autovacuum_vacuum_cost_delay": "",
                    "autovacuum_vacuum_cost_limit": "",
                    "autovacuum_vacuum_scale_factor": "",
                    "autovacuum_vacuum_threshold": "",
                    "bgwriter_delay": "",
                    "bgwriter_flush_after": "",
                    "bgwriter_lru_maxpages": "",
                    "bgwriter_lru_multiplier": "",
                    "deadlock_timeout": "",
                    "default_toast_compression": "",
                    "idle_in_transaction_session_timeout": "",
                    "jit": "",
                    "log_autovacuum_min_duration": "",
                    "log_error_verbosity": "",
                    "log_line_prefix": "",
                    "log_min_duration_statement": "",
                    "log_temp_files": "",
                    "max_files_per_process": "",
                    "max_locks_per_transaction": "",
                    "max_logical_replication_workers": "",
                    "max_parallel_workers": "",
                    "max_parallel_workers_per_gather": "",
                    "max_pred_locks_per_transaction": "",
                    "max_prepared_transactions": "",
                    "max_replication_slots": "",
                    "max_slot_wal_keep_size": "",
                    "max_stack_depth": "",
                    "max_standby_archive_delay": "",
                    "max_standby_streaming_delay": "",
                    "max_wal_senders": "",
                    "max_worker_processes": "",
                    "pg_partman_bgw__dot__interval": "",
                    "pg_partman_bgw__dot__role": "",
                    "pg_stat_statements__dot__track": "",
                    "temp_file_limit": "",
                    "timezone": "",
                    "track_activity_query_size": "",
                    "track_commit_timestamp": "",
                    "track_functions": "",
                    "track_io_timing": "",
                    "wal_sender_timeout": "",
                    "wal_writer_delay": ""
                  }
                ],
                "pg_read_replica": "",
                "pg_service_to_fork_from": "",
                "pg_stat_monitor_enable": "false",
                "pg_version": "14",
                "pgbouncer": [],
                "pglookout": [
                  {
                    "max_failover_replication_time_lag": "60"
                  }
                ],
                "private_access": [],
                "privatelink_access": [],
                "project_to_fork_from": "",
                "public_access": [],
                "recovery_target_time": "",
                "service_to_fork_from": "",
                "shared_buffers_percentage": "",
                "static_ips": "",
                "synchronous_replication": "",
                "timescaledb": [],
                "variant": "",
                "work_mem": ""
              }
            ],
            "plan": "business-4",
            "project": "tsellers-demo",
            "project_vpc_id": null,
            "service_host": "cloud-expo-service-pg-tsellers-demo.aivencloud.com",
            "service_integrations": [],
            "service_name": "cloud-expo-service-pg",
            "service_password": "AVNS_CG2Tsi0QxBaF3KSaksI",
            "service_port": 18943,
            "service_type": "pg",
            "service_uri": "postgres://avnadmin:AVNS_CG2Tsi0QxBaF3KSaksI@cloud-expo-service-pg-tsellers-demo.aivencloud.com:18943/defaultdb?sslmode=require",
            "service_username": "avnadmin",
            "state": "RUNNING",
            "static_ips": null,
            "tag": [],
            "termination_protection": false,
            "timeouts": null
          },
          "sensitive_attributes": [],
          "private": "eyJlMmJmYjczMC1lY2FhLTExZTYtOGY4OC0zNDM2M2JjN2M0YzAiOnsiY3JlYXRlIjoxMjAwMDAwMDAwMDAwLCJkZWZhdWx0IjozMDAwMDAwMDAwMDAsImRlbGV0ZSI6MTIwMDAwMDAwMDAwMCwicmVhZCI6MzAwMDAwMDAwMDAwLCJ1cGRhdGUiOjEyMDAwMDAwMDAwMDB9fQ=="
        }
      ]
    },
    {
      "mode": "managed",
      "type": "aiven_service_integration",
      "name": "int-grafana-m3db",
      "provider": "provider[\"registry.terraform.io/aiven/aiven\"]",
      "instances": [
        {
          "schema_version": 0,
          "attributes": {
            "datadog_user_config": [],
            "destination_endpoint_id": null,
            "destination_service_name": "cloud-expo-metrics-m3db",
            "id": "tsellers-demo/731bbfb6-f995-4ffc-b5d1-cdd303c1425d",
            "integration_id": "731bbfb6-f995-4ffc-b5d1-cdd303c1425d",
            "integration_type": "dashboard",
            "kafka_connect_user_config": [],
            "kafka_logs_user_config": [],
            "kafka_mirrormaker_user_config": [],
            "logs_user_config": [],
            "metrics_user_config": [],
            "project": "tsellers-demo",
            "source_endpoint_id": null,
            "source_service_name": "cloud-expo-metrics-grafana",
            "timeouts": null
          },
          "sensitive_attributes": [],
          "private": "eyJlMmJmYjczMC1lY2FhLTExZTYtOGY4OC0zNDM2M2JjN2M0YzAiOnsiY3JlYXRlIjozMDAwMDAwMDAwMDB9fQ==",
          "dependencies": [
            "aiven_grafana.grafana",
            "aiven_m3db.m3db-metrics"
          ]
        }
      ]
    },
    {
      "mode": "managed",
      "type": "aiven_service_integration",
      "name": "kafka-connect-integration",
      "provider": "provider[\"registry.terraform.io/aiven/aiven\"]",
      "instances": [
        {
          "schema_version": 0,
          "attributes": {
            "datadog_user_config": [],
            "destination_endpoint_id": null,
            "destination_service_name": "cloud-expo-kafka-connect",
            "id": "tsellers-demo/551416b4-5f15-4285-88ac-6bac2a7842c9",
            "integration_id": "551416b4-5f15-4285-88ac-6bac2a7842c9",
            "integration_type": "kafka_connect",
            "kafka_connect_user_config": [],
            "kafka_logs_user_config": [],
            "kafka_mirrormaker_user_config": [],
            "logs_user_config": [],
            "metrics_user_config": [],
            "project": "tsellers-demo",
            "source_endpoint_id": null,
            "source_service_name": "cloud-expo-service-kafka",
            "timeouts": null
          },
          "sensitive_attributes": [],
          "private": "eyJlMmJmYjczMC1lY2FhLTExZTYtOGY4OC0zNDM2M2JjN2M0YzAiOnsiY3JlYXRlIjozMDAwMDAwMDAwMDB9fQ==",
          "dependencies": [
            "aiven_kafka.kafka-service",
            "aiven_kafka_connect.kafka-connect-service"
          ]
        }
      ]
    },
    {
      "mode": "managed",
      "type": "aiven_service_integration",
      "name": "kafka-metrics",
      "provider": "provider[\"registry.terraform.io/aiven/aiven\"]",
      "instances": [
        {
          "schema_version": 0,
          "attributes": {
            "datadog_user_config": [],
            "destination_endpoint_id": null,
            "destination_service_name": "cloud-expo-metrics-m3db",
            "id": "tsellers-demo/90bb6289-56fa-4b33-8ebe-044e33473c95",
            "integration_id": "90bb6289-56fa-4b33-8ebe-044e33473c95",
            "integration_type": "metrics",
            "kafka_connect_user_config": [],
            "kafka_logs_user_config": [],
            "kafka_mirrormaker_user_config": [],
            "logs_user_config": [],
            "metrics_user_config": [],
            "project": "tsellers-demo",
            "source_endpoint_id": null,
            "source_service_name": "cloud-expo-service-kafka",
            "timeouts": null
          },
          "sensitive_attributes": [],
          "private": "eyJlMmJmYjczMC1lY2FhLTExZTYtOGY4OC0zNDM2M2JjN2M0YzAiOnsiY3JlYXRlIjozMDAwMDAwMDAwMDB9fQ==",
          "dependencies": [
            "aiven_kafka.kafka-service",
            "aiven_m3db.m3db-metrics"
          ]
        }
      ]
    },
    {
      "mode": "managed",
      "type": "aiven_service_integration",
      "name": "pg-metrics",
      "provider": "provider[\"registry.terraform.io/aiven/aiven\"]",
      "instances": [
        {
          "schema_version": 0,
          "attributes": {
            "datadog_user_config": [],
            "destination_endpoint_id": null,
            "destination_service_name": "cloud-expo-metrics-m3db",
            "id": "tsellers-demo/fa8db3b4-fcf8-490d-a943-4602d3813bb1",
            "integration_id": "fa8db3b4-fcf8-490d-a943-4602d3813bb1",
            "integration_type": "metrics",
            "kafka_connect_user_config": [],
            "kafka_logs_user_config": [],
            "kafka_mirrormaker_user_config": [],
            "logs_user_config": [],
            "metrics_user_config": [],
            "project": "tsellers-demo",
            "source_endpoint_id": null,
            "source_service_name": "cloud-expo-service-pg",
            "timeouts": null
          },
          "sensitive_attributes": [],
          "private": "eyJlMmJmYjczMC1lY2FhLTExZTYtOGY4OC0zNDM2M2JjN2M0YzAiOnsiY3JlYXRlIjozMDAwMDAwMDAwMDB9fQ==",
          "dependencies": [
            "aiven_m3db.m3db-metrics",
            "aiven_pg.postgres-service"
          ]
        }
      ]
    }
  ]
}
